
Microsoft Visual Studio Solution File, Format Version 12.00
# Visual Studio 15
VisualStudioVersion = 15.0.26124.0
MinimumVisualStudioVersion = 15.0.26124.0
Project("{9A19103F-16F7-4668-BE54-9A1E7A4F7556}") = "R5T.Pictia.Frisia", "R5T.Pictia.Frisia\R5T.Pictia.Frisia.csproj", "{7F159E9D-8307-41D3-95E6-929663BFC04C}"
EndProject
Project("{9A19103F-16F7-4668-BE54-9A1E7A4F7556}") = "R5T.Pictia.Frisia.Testing", "R5T.Pictia.Frisia.Testing\R5T.Pictia.Frisia.Testing.csproj", "{9B31F1C0-C631-4EBA-B9E1-3A7EFE580A00}"
EndProject
Project("{2150E333-8FDC-42A3-9474-1A3956D46DE8}") = "_Dependencies", "_Dependencies", "{7CB0755A-2E22-4C0B-A907-287062CC6677}"
EndProject
Project("{9A19103F-16F7-4668-BE54-9A1E7A4F7556}") = "R5T.Pictia", "..\..\R5T.Pictia\source\R5T.Pictia\R5T.Pictia.csproj", "{96E7DDA9-395F-4325-95A5-19F8BA3313E3}"
EndProject
Project("{9A19103F-16F7-4668-BE54-9A1E7A4F7556}") = "R5T.Frisia.Base", "..\..\R5T.Frisia.Base\source\R5T.Frisia.Base\R5T.Frisia.Base.csproj", "{0707DE8F-E63B-4DAE-A098-774BBD474640}"
EndProject
Project("{9A19103F-16F7-4668-BE54-9A1E7A4F7556}") = "R5T.Magyar", "..\..\R5T.Magyar\source\R5T.Magyar\R5T.Magyar.csproj", "{C4E015EC-7AD0-4CA2-9374-2DDA3CADAF15}"
EndProject
Project("{9A19103F-16F7-4668-BE54-9A1E7A4F7556}") = "R5T.Dacia.Extensions", "..\..\R5T.Dacia.Extensions\source\R5T.Dacia.Extensions\R5T.Dacia.Extensions.csproj", "{72EEE448-E6FA-4D01-A402-EA2141F65F47}"
EndProject
Project("{9A19103F-16F7-4668-BE54-9A1E7A4F7556}") = "R5T.Dacia", "..\..\R5T.Dacia\source\R5T.Dacia\R5T.Dacia.csproj", "{BF1AF76C-0011-4C6C-B9EA-1CE204B07C21}"
EndProject
Project("{9A19103F-16F7-4668-BE54-9A1E7A4F7556}") = "R5T.Pictia.Base", "..\..\R5T.Pictia.Base\source\R5T.Pictia.Base\R5T.Pictia.Base.csproj", "{BE699891-4811-4551-834D-981711F7E7C3}"
EndProject
Global
	GlobalSection(SolutionConfigurationPlatforms) = preSolution
		Debug|Any CPU = Debug|Any CPU
		Debug|x64 = Debug|x64
		Debug|x86 = Debug|x86
		Release|Any CPU = Release|Any CPU
		Release|x64 = Release|x64
		Release|x86 = Release|x86
	EndGlobalSection
	GlobalSection(ProjectConfigurationPlatforms) = postSolution
		{7F159E9D-8307-41D3-95E6-929663BFC04C}.Debug|Any CPU.ActiveCfg = Debug|Any CPU
		{7F159E9D-8307-41D3-95E6-929663BFC04C}.Debug|Any CPU.Build.0 = Debug|Any CPU
		{7F159E9D-8307-41D3-95E6-929663BFC04C}.Debug|x64.ActiveCfg = Debug|Any CPU
		{7F159E9D-8307-41D3-95E6-929663BFC04C}.Debug|x64.Build.0 = Debug|Any CPU
		{7F159E9D-8307-41D3-95E6-929663BFC04C}.Debug|x86.ActiveCfg = Debug|Any CPU
		{7F159E9D-8307-41D3-95E6-929663BFC04C}.Debug|x86.Build.0 = Debug|Any CPU
		{7F159E9D-8307-41D3-95E6-929663BFC04C}.Release|Any CPU.ActiveCfg = Release|Any CPU
		{7F159E9D-8307-41D3-95E6-929663BFC04C}.Release|Any CPU.Build.0 = Release|Any CPU
		{7F159E9D-8307-41D3-95E6-929663BFC04C}.Release|x64.ActiveCfg = Release|Any CPU
		{7F159E9D-8307-41D3-95E6-929663BFC04C}.Release|x64.Build.0 = Release|Any CPU
		{7F159E9D-8307-41D3-95E6-929663BFC04C}.Release|x86.ActiveCfg = Release|Any CPU
		{7F159E9D-8307-41D3-95E6-929663BFC04C}.Release|x86.Build.0 = Release|Any CPU
		{9B31F1C0-C631-4EBA-B9E1-3A7EFE580A00}.Debug|Any CPU.ActiveCfg = Debug|Any CPU
		{9B31F1C0-C631-4EBA-B9E1-3A7EFE580A00}.Debug|Any CPU.Build.0 = Debug|Any CPU
		{9B31F1C0-C631-4EBA-B9E1-3A7EFE580A00}.Debug|x64.ActiveCfg = Debug|Any CPU
		{9B31F1C0-C631-4EBA-B9E1-3A7EFE580A00}.Debug|x64.Build.0 = Debug|Any CPU
		{9B31F1C0-C631-4EBA-B9E1-3A7EFE580A00}.Debug|x86.ActiveCfg = Debug|Any CPU
		{9B31F1C0-C631-4EBA-B9E1-3A7EFE580A00}.Debug|x86.Build.0 = Debug|Any CPU
		{9B31F1C0-C631-4EBA-B9E1-3A7EFE580A00}.Release|Any CPU.ActiveCfg = Release|Any CPU
		{9B31F1C0-C631-4EBA-B9E1-3A7EFE580A00}.Release|Any CPU.Build.0 = Release|Any CPU
		{9B31F1C0-C631-4EBA-B9E1-3A7EFE580A00}.Release|x64.ActiveCfg = Release|Any CPU
		{9B31F1C0-C631-4EBA-B9E1-3A7EFE580A00}.Release|x64.Build.0 = Release|Any CPU
		{9B31F1C0-C631-4EBA-B9E1-3A7EFE580A00}.Release|x86.ActiveCfg = Release|Any CPU
		{9B31F1C0-C631-4EBA-B9E1-3A7EFE580A00}.Release|x86.Build.0 = Release|Any CPU
		{96E7DDA9-395F-4325-95A5-19F8BA3313E3}.Debug|Any CPU.ActiveCfg = Debug|Any CPU
		{96E7DDA9-395F-4325-95A5-19F8BA3313E3}.Debug|Any CPU.Build.0 = Debug|Any CPU
		{96E7DDA9-395F-4325-95A5-19F8BA3313E3}.Debug|x64.ActiveCfg = Debug|Any CPU
		{96E7DDA9-395F-4325-95A5-19F8BA3313E3}.Debug|x64.Build.0 = Debug|Any CPU
		{96E7DDA9-395F-4325-95A5-19F8BA3313E3}.Debug|x86.ActiveCfg = Debug|Any CPU
		{96E7DDA9-395F-4325-95A5-19F8BA3313E3}.Debug|x86.Build.0 = Debug|Any CPU
		{96E7DDA9-395F-4325-95A5-19F8BA3313E3}.Release|Any CPU.ActiveCfg = Release|Any CPU
		{96E7DDA9-395F-4325-95A5-19F8BA3313E3}.Release|Any CPU.Build.0 = Release|Any CPU
		{96E7DDA9-395F-4325-95A5-19F8BA3313E3}.Release|x64.ActiveCfg = Release|Any CPU
		{96E7DDA9-395F-4325-95A5-19F8BA3313E3}.Release|x64.Build.0 = Release|Any CPU
		{96E7DDA9-395F-4325-95A5-19F8BA3313E3}.Release|x86.ActiveCfg = Release|Any CPU
		{96E7DDA9-395F-4325-95A5-19F8BA3313E3}.Release|x86.Build.0 = Release|Any CPU
		{0707DE8F-E63B-4DAE-A098-774BBD474640}.Debug|Any CPU.ActiveCfg = Debug|Any CPU
		{0707DE8F-E63B-4DAE-A098-774BBD474640}.Debug|Any CPU.Build.0 = Debug|Any CPU
		{0707DE8F-E63B-4DAE-A098-774BBD474640}.Debug|x64.ActiveCfg = Debug|Any CPU
		{0707DE8F-E63B-4DAE-A098-774BBD474640}.Debug|x64.Build.0 = Debug|Any CPU
		{0707DE8F-E63B-4DAE-A098-774BBD474640}.Debug|x86.ActiveCfg = Debug|Any CPU
		{0707DE8F-E63B-4DAE-A098-774BBD474640}.Debug|x86.Build.0 = Debug|Any CPU
		{0707DE8F-E63B-4DAE-A098-774BBD474640}.Release|Any CPU.ActiveCfg = Release|Any CPU
		{0707DE8F-E63B-4DAE-A098-774BBD474640}.Release|Any CPU.Build.0 = Release|Any CPU
		{0707DE8F-E63B-4DAE-A098-774BBD474640}.Release|x64.ActiveCfg = Release|Any CPU
		{0707DE8F-E63B-4DAE-A098-774BBD474640}.Release|x64.Build.0 = Release|Any CPU
		{0707DE8F-E63B-4DAE-A098-774BBD474640}.Release|x86.ActiveCfg = Release|Any CPU
		{0707DE8F-E63B-4DAE-A098-774BBD474640}.Release|x86.Build.0 = Release|Any CPU
		{C4E015EC-7AD0-4CA2-9374-2DDA3CADAF15}.Debug|Any CPU.ActiveCfg = Debug|Any CPU
		{C4E015EC-7AD0-4CA2-9374-2DDA3CADAF15}.Debug|Any CPU.Build.0 = Debug|Any CPU
		{C4E015EC-7AD0-4CA2-9374-2DDA3CADAF15}.Debug|x64.ActiveCfg = Debug|Any CPU
		{C4E015EC-7AD0-4CA2-9374-2DDA3CADAF15}.Debug|x64.Build.0 = Debug|Any CPU
		{C4E015EC-7AD0-4CA2-9374-2DDA3CADAF15}.Debug|x86.ActiveCfg = Debug|Any CPU
		{C4E015EC-7AD0-4CA2-9374-2DDA3CADAF15}.Debug|x86.Build.0 = Debug|Any CPU
		{C4E015EC-7AD0-4CA2-9374-2DDA3CADAF15}.Release|Any CPU.ActiveCfg = Release|Any CPU
		{C4E015EC-7AD0-4CA2-9374-2DDA3CADAF15}.Release|Any CPU.Build.0 = Release|Any CPU
		{C4E015EC-7AD0-4CA2-9374-2DDA3CADAF15}.Release|x64.ActiveCfg = Release|Any CPU
		{C4E015EC-7AD0-4CA2-9374-2DDA3CADAF15}.Release|x64.Build.0 = Release|Any CPU
		{C4E015EC-7AD0-4CA2-9374-2DDA3CADAF15}.Release|x86.ActiveCfg = Release|Any CPU
		{C4E015EC-7AD0-4CA2-9374-2DDA3CADAF15}.Release|x86.Build.0 = Release|Any CPU
		{72EEE448-E6FA-4D01-A402-EA2141F65F47}.Debug|Any CPU.ActiveCfg = Debug|Any CPU
		{72EEE448-E6FA-4D01-A402-EA2141F65F47}.Debug|Any CPU.Build.0 = Debug|Any CPU
		{72EEE448-E6FA-4D01-A402-EA2141F65F47}.Debug|x64.ActiveCfg = Debug|Any CPU
		{72EEE448-E6FA-4D01-A402-EA2141F65F47}.Debug|x64.Build.0 = Debug|Any CPU
		{72EEE448-E6FA-4D01-A402-EA2141F65F47}.Debug|x86.ActiveCfg = Debug|Any CPU
		{72EEE448-E6FA-4D01-A402-EA2141F65F47}.Debug|x86.Build.0 = Debug|Any CPU
		{72EEE448-E6FA-4D01-A402-EA2141F65F47}.Release|Any CPU.ActiveCfg = Release|Any CPU
		{72EEE448-E6FA-4D01-A402-EA2141F65F47}.Release|Any CPU.Build.0 = Release|Any CPU
		{72EEE448-E6FA-4D01-A402-EA2141F65F47}.Release|x64.ActiveCfg = Release|Any CPU
		{72EEE448-E6FA-4D01-A402-EA2141F65F47}.Release|x64.Build.0 = Release|Any CPU
		{72EEE448-E6FA-4D01-A402-EA2141F65F47}.Release|x86.ActiveCfg = Release|Any CPU
		{72EEE448-E6FA-4D01-A402-EA2141F65F47}.Release|x86.Build.0 = Release|Any CPU
		{BF1AF76C-0011-4C6C-B9EA-1CE204B07C21}.Debug|Any CPU.ActiveCfg = Debug|Any CPU
		{BF1AF76C-0011-4C6C-B9EA-1CE204B07C21}.Debug|Any CPU.Build.0 = Debug|Any CPU
		{BF1AF76C-0011-4C6C-B9EA-1CE204B07C21}.Debug|x64.ActiveCfg = Debug|Any CPU
		{BF1AF76C-0011-4C6C-B9EA-1CE204B07C21}.Debug|x64.Build.0 = Debug|Any CPU
		{BF1AF76C-0011-4C6C-B9EA-1CE204B07C21}.Debug|x86.ActiveCfg = Debug|Any CPU
		{BF1AF76C-0011-4C6C-B9EA-1CE204B07C21}.Debug|x86.Build.0 = Debug|Any CPU
		{BF1AF76C-0011-4C6C-B9EA-1CE204B07C21}.Release|Any CPU.ActiveCfg = Release|Any CPU
		{BF1AF76C-0011-4C6C-B9EA-1CE204B07C21}.Release|Any CPU.Build.0 = Release|Any CPU
		{BF1AF76C-0011-4C6C-B9EA-1CE204B07C21}.Release|x64.ActiveCfg = Release|Any CPU
		{BF1AF76C-0011-4C6C-B9EA-1CE204B07C21}.Release|x64.Build.0 = Release|Any CPU
		{BF1AF76C-0011-4C6C-B9EA-1CE204B07C21}.Release|x86.ActiveCfg = Release|Any CPU
		{BF1AF76C-0011-4C6C-B9EA-1CE204B07C21}.Release|x86.Build.0 = Release|Any CPU
		{BE699891-4811-4551-834D-981711F7E7C3}.Debug|Any CPU.ActiveCfg = Debug|Any CPU
		{BE699891-4811-4551-834D-981711F7E7C3}.Debug|Any CPU.Build.0 = Debug|Any CPU
		{BE699891-4811-4551-834D-981711F7E7C3}.Debug|x64.ActiveCfg = Debug|Any CPU
		{BE699891-4811-4551-834D-981711F7E7C3}.Debug|x64.Build.0 = Debug|Any CPU
		{BE699891-4811-4551-834D-981711F7E7C3}.Debug|x86.ActiveCfg = Debug|Any CPU
		{BE699891-4811-4551-834D-981711F7E7C3}.Debug|x86.Build.0 = Debug|Any CPU
		{BE699891-4811-4551-834D-981711F7E7C3}.Release|Any CPU.ActiveCfg = Release|Any CPU
		{BE699891-4811-4551-834D-981711F7E7C3}.Release|Any CPU.Build.0 = Release|Any CPU
		{BE699891-4811-4551-834D-981711F7E7C3}.Release|x64.ActiveCfg = Release|Any CPU
		{BE699891-4811-4551-834D-981711F7E7C3}.Release|x64.Build.0 = Release|Any CPU
		{BE699891-4811-4551-834D-981711F7E7C3}.Release|x86.ActiveCfg = Release|Any CPU
		{BE699891-4811-4551-834D-981711F7E7C3}.Release|x86.Build.0 = Release|Any CPU
	EndGlobalSection
	GlobalSection(SolutionProperties) = preSolution
		HideSolutionNode = FALSE
	EndGlobalSection
	GlobalSection(NestedProjects) = preSolution
		{96E7DDA9-395F-4325-95A5-19F8BA3313E3} = {7CB0755A-2E22-4C0B-A907-287062CC6677}
		{0707DE8F-E63B-4DAE-A098-774BBD474640} = {7CB0755A-2E22-4C0B-A907-287062CC6677}
		{C4E015EC-7AD0-4CA2-9374-2DDA3CADAF15} = {7CB0755A-2E22-4C0B-A907-287062CC6677}
		{72EEE448-E6FA-4D01-A402-EA2141F65F47} = {7CB0755A-2E22-4C0B-A907-287062CC6677}
		{BF1AF76C-0011-4C6C-B9EA-1CE204B07C21} = {7CB0755A-2E22-4C0B-A907-287062CC6677}
		{BE699891-4811-4551-834D-981711F7E7C3} = {7CB0755A-2E22-4C0B-A907-287062CC6677}
	EndGlobalSection
	GlobalSection(ExtensibilityGlobals) = postSolution
		SolutionGuid = {188A7565-3279-44A0-A67C-8DBD78C7BD2B}
	EndGlobalSection
EndGlobal
