
Microsoft Visual Studio Solution File, Format Version 12.00
# Visual Studio Version 17
VisualStudioVersion = 17.2.32630.192
MinimumVisualStudioVersion = 10.0.40219.1
Project("{9A19103F-16F7-4668-BE54-9A1E7A4F7556}") = "R5T.Pictia.Frisia.Construction", "R5T.Pictia.Frisia.Construction\R5T.Pictia.Frisia.Construction.csproj", "{F5604FEB-1811-48CD-9572-32CB0FDE330A}"
EndProject
Project("{9A19103F-16F7-4668-BE54-9A1E7A4F7556}") = "R5T.Pictia.Frisia", "R5T.Pictia.Frisia\R5T.Pictia.Frisia.csproj", "{7F159E9D-8307-41D3-95E6-929663BFC04C}"
EndProject
Project("{2150E333-8FDC-42A3-9474-1A3956D46DE8}") = "_Dependencies", "_Dependencies", "{7CB0755A-2E22-4C0B-A907-287062CC6677}"
EndProject
Project("{9A19103F-16F7-4668-BE54-9A1E7A4F7556}") = "R5T.Pictia", "..\..\R5T.Pictia\source\R5T.Pictia\R5T.Pictia.csproj", "{96E7DDA9-395F-4325-95A5-19F8BA3313E3}"
EndProject
Project("{9A19103F-16F7-4668-BE54-9A1E7A4F7556}") = "R5T.Frisia.Base", "..\..\R5T.Frisia.Base\source\R5T.Frisia.Base\R5T.Frisia.Base.csproj", "{0707DE8F-E63B-4DAE-A098-774BBD474640}"
EndProject
Project("{9A19103F-16F7-4668-BE54-9A1E7A4F7556}") = "R5T.Dacia", "..\..\R5T.Dacia\source\R5T.Dacia\R5T.Dacia.csproj", "{1BB11993-0C14-48F6-BD8C-0A0858034E71}"
EndProject
Project("{9A19103F-16F7-4668-BE54-9A1E7A4F7556}") = "R5T.Frisia.Suebia", "..\..\R5T.Frisia.Suebia\source\R5T.Frisia.Suebia\R5T.Frisia.Suebia.csproj", "{805D88D9-E17D-4985-8604-FE90CD8DBF4F}"
EndProject
Project("{9A19103F-16F7-4668-BE54-9A1E7A4F7556}") = "R5T.Jutland.Base", "..\..\R5T.Jutland.Base\source\R5T.Jutland.Base\R5T.Jutland.Base.csproj", "{2EBD791E-890B-4680-8A2E-8C2FB07E0C70}"
EndProject
Project("{9A19103F-16F7-4668-BE54-9A1E7A4F7556}") = "R5T.Suebia.Base", "..\..\R5T.Suebia.Base\source\R5T.Suebia.Base\R5T.Suebia.Base.csproj", "{CCD1C1AF-E21B-43A5-891A-6FC204DCBBE3}"
EndProject
Project("{9A19103F-16F7-4668-BE54-9A1E7A4F7556}") = "R5T.Suebia.Alamania", "..\..\R5T.Suebia.Alamania\source\R5T.Suebia.Alamania\R5T.Suebia.Alamania.csproj", "{FF6C4B03-60D1-4DF4-BB20-8358FE958D54}"
EndProject
Project("{9A19103F-16F7-4668-BE54-9A1E7A4F7556}") = "R5T.Ostrogothia", "..\..\R5T.Ostrogothia\source\R5T.Ostrogothia\R5T.Ostrogothia.csproj", "{57283BC8-35DC-4B5C-BDDB-D84B7C3530BE}"
EndProject
Project("{9A19103F-16F7-4668-BE54-9A1E7A4F7556}") = "R5T.Alamania.Base", "..\..\R5T.Alamania.Base\source\R5T.Alamania.Base\R5T.Alamania.Base.csproj", "{C66CC62B-19B0-435A-B601-E67082EA69B0}"
EndProject
Project("{9A19103F-16F7-4668-BE54-9A1E7A4F7556}") = "R5T.Lombardy.Base", "..\..\R5T.Lombardy.Base\source\R5T.Lombardy.Base\R5T.Lombardy.Base.csproj", "{B4E9F534-3E24-443E-A77A-B339E2308FAB}"
EndProject
Project("{9A19103F-16F7-4668-BE54-9A1E7A4F7556}") = "R5T.Jutland.Newtonsoft", "..\..\R5T.Jutland.Newtonsoft\source\R5T.Jutland.Newtonsoft\R5T.Jutland.Newtonsoft.csproj", "{EB1DFC5E-AFB5-4B57-AF53-9A9433D56952}"
EndProject
Project("{9A19103F-16F7-4668-BE54-9A1E7A4F7556}") = "R5T.Lombardy", "..\..\R5T.Lombardy\source\R5T.Lombardy\R5T.Lombardy.csproj", "{51B19562-94E6-49A9-AC43-F9D90D125463}"
EndProject
Project("{9A19103F-16F7-4668-BE54-9A1E7A4F7556}") = "R5T.Magyar", "..\..\R5T.Magyar\source\R5T.Magyar\R5T.Magyar.csproj", "{C4E015EC-7AD0-4CA2-9374-2DDA3CADAF15}"
EndProject
Project("{9A19103F-16F7-4668-BE54-9A1E7A4F7556}") = "R5T.Cherusci", "..\..\R5T.Cherusci\source\R5T.Cherusci\R5T.Cherusci.csproj", "{68830D52-387E-4A1C-8E08-1217E4D119A7}"
EndProject
Project("{9A19103F-16F7-4668-BE54-9A1E7A4F7556}") = "R5T.Rugia", "..\..\R5T.Rugia\source\R5T.Rugia\R5T.Rugia.csproj", "{8A40786C-3571-4E50-BCFB-A16C1C77FE1B}"
EndProject
Project("{9A19103F-16F7-4668-BE54-9A1E7A4F7556}") = "R5T.Rugia.Base", "..\..\R5T.Rugia.Base\source\R5T.Rugia.Base\R5T.Rugia.Base.csproj", "{E9CEA2AD-BCE8-41DA-9F1F-45FF9BC19458}"
EndProject
Project("{9A19103F-16F7-4668-BE54-9A1E7A4F7556}") = "R5T.Alamania.Bulgaria", "..\..\R5T.Alamania.Bulgaria\source\R5T.Alamania.Bulgaria\R5T.Alamania.Bulgaria.csproj", "{F4F178FC-BA85-46AC-8AC4-EB7717E10EF1}"
EndProject
Project("{9A19103F-16F7-4668-BE54-9A1E7A4F7556}") = "R5T.Ostrogothia.Rivet", "..\..\R5T.Ostrogothia.Rivet\source\R5T.Ostrogothia.Rivet\R5T.Ostrogothia.Rivet.csproj", "{3EB72437-6B9E-4F0B-A9E2-00B0CAF8ADB1}"
EndProject
Project("{9A19103F-16F7-4668-BE54-9A1E7A4F7556}") = "R5T.Bulgaria.Base", "..\..\R5T.Bulgaria.Base\source\R5T.Bulgaria.Base\R5T.Bulgaria.Base.csproj", "{75BC82A3-A19F-4184-8C42-580304759AFA}"
EndProject
Project("{9A19103F-16F7-4668-BE54-9A1E7A4F7556}") = "R5T.Costobocia.Base", "..\..\R5T.Costobocia.Base\source\R5T.Costobocia.Base\R5T.Costobocia.Base.csproj", "{8007DE45-52F2-4F0D-8FB6-72073B961F17}"
EndProject
Project("{9A19103F-16F7-4668-BE54-9A1E7A4F7556}") = "R5T.Bulgaria.Default.Local", "..\..\R5T.Bulgaria.Default.Local\source\R5T.Bulgaria.Default.Local\R5T.Bulgaria.Default.Local.csproj", "{5283DA3B-1C6D-4435-9E2A-B0878D0D2BF6}"
EndProject
Project("{9A19103F-16F7-4668-BE54-9A1E7A4F7556}") = "R5T.Visigothia.Base", "..\..\R5T.Visigothia.Base\source\R5T.Visigothia.Base\R5T.Visigothia.Base.csproj", "{CA5F9848-B571-4A8C-B6A9-ECBEF0B86CCF}"
EndProject
Project("{9A19103F-16F7-4668-BE54-9A1E7A4F7556}") = "R5T.Costobocia.Default", "..\..\R5T.Costobocia.Default\source\R5T.Costobocia.Default\R5T.Costobocia.Default.csproj", "{BB39DEA6-8E05-4796-8440-3F58B76376F9}"
EndProject
Project("{9A19103F-16F7-4668-BE54-9A1E7A4F7556}") = "R5T.Visigothia.Default.Local", "..\..\R5T.Visigothia.Default.Local\source\R5T.Visigothia.Default.Local\R5T.Visigothia.Default.Local.csproj", "{7D43CCEA-6779-4DDD-97E4-BD400AA67A04}"
EndProject
Project("{9A19103F-16F7-4668-BE54-9A1E7A4F7556}") = "R5T.Dacia.Extensions", "..\..\R5T.Dacia.Extensions\source\R5T.Dacia.Extensions\R5T.Dacia.Extensions.csproj", "{34415128-9B99-44CF-891B-CDEAB8F198B8}"
EndProject
Project("{9A19103F-16F7-4668-BE54-9A1E7A4F7556}") = "R5T.Newport", "..\..\R5T.Newport\source\R5T.Newport\R5T.Newport.csproj", "{B1841FEF-FA11-430A-AB38-E96FCFC43C75}"
EndProject
Project("{9A19103F-16F7-4668-BE54-9A1E7A4F7556}") = "R5T.L0013", "..\..\R5T.L0013\source\R5T.L0013\R5T.L0013.csproj", "{13C87A32-8221-486C-82A9-AB23B09DEF3E}"
EndProject
Project("{9A19103F-16F7-4668-BE54-9A1E7A4F7556}") = "R5T.Ostrogothia.Rivet.Types", "..\..\R5T.Ostrogothia.Rivet\source\R5T.Ostrogothia.Rivet.Types\R5T.Ostrogothia.Rivet.Types.csproj", "{0F697CEE-A587-4F1E-9E6C-56AF1160073B}"
EndProject
Project("{9A19103F-16F7-4668-BE54-9A1E7A4F7556}") = "R5T.Ostrogothia.Abstractions", "..\..\R5T.Ostrogothia\source\R5T.Ostrogothia.Abstractions\R5T.Ostrogothia.Abstractions.csproj", "{E6784186-6B35-47BB-A406-0DB649E632A0}"
EndProject
Project("{9A19103F-16F7-4668-BE54-9A1E7A4F7556}") = "R5T.Ostrogothia.Base", "..\..\R5T.Ostrogothia\source\R5T.Ostrogothia.Base\R5T.Ostrogothia.Base.csproj", "{EAF6C491-AFD7-4B26-B397-C7C98D3E1602}"
EndProject
Project("{9A19103F-16F7-4668-BE54-9A1E7A4F7556}") = "R5T.Ostrogothia.Types", "..\..\R5T.Ostrogothia\source\R5T.Ostrogothia.Types\R5T.Ostrogothia.Types.csproj", "{E3A7EDFF-CC43-40E0-A05F-83BF629BD03C}"
EndProject
Project("{9A19103F-16F7-4668-BE54-9A1E7A4F7556}") = "R5T.Pictia.Base", "..\..\R5T.Pictia.Base\source\R5T.Pictia.Base\R5T.Pictia.Base.csproj", "{FB5E257F-FC14-4E01-95CC-DFA9D1F97E53}"
EndProject
Project("{9A19103F-16F7-4668-BE54-9A1E7A4F7556}") = "R5T.Quadia", "..\..\R5T.Quadia\source\R5T.Quadia\R5T.Quadia.csproj", "{5F7083D5-68C3-42DC-BDB7-7143D35ACBA2}"
EndProject
Project("{9A19103F-16F7-4668-BE54-9A1E7A4F7556}") = "R5T.T0039.T002", "..\..\R5T.T0039\source\R5T.T0039.T002\R5T.T0039.T002.csproj", "{79A9AEB1-014F-49BD-848B-E21EAACB8C49}"
EndProject
Project("{9A19103F-16F7-4668-BE54-9A1E7A4F7556}") = "R5T.T0062.X001", "..\..\R5T.T0062\source\R5T.T0062.X001\R5T.T0062.X001.csproj", "{A3C8B0FD-93BE-4B9B-813C-58A722894230}"
EndProject
Project("{9A19103F-16F7-4668-BE54-9A1E7A4F7556}") = "R5T.T0062", "..\..\R5T.T0062\source\R5T.T0062\R5T.T0062.csproj", "{FE791FFF-17FC-48B4-8045-9351D19325FC}"
EndProject
Project("{9A19103F-16F7-4668-BE54-9A1E7A4F7556}") = "R5T.T0063", "..\..\R5T.T0063\source\R5T.T0063\R5T.T0063.csproj", "{B85F006A-5768-4E63-867C-FD607322D5F0}"
EndProject
Project("{9A19103F-16F7-4668-BE54-9A1E7A4F7556}") = "R5T.T0064.T001", "..\..\R5T.T0064\source\R5T.T0064.T001\R5T.T0064.T001.csproj", "{ED44E417-456A-4223-84EE-D012D233AFFE}"
EndProject
Project("{9A19103F-16F7-4668-BE54-9A1E7A4F7556}") = "R5T.T0064", "..\..\R5T.T0064\source\R5T.T0064\R5T.T0064.csproj", "{F676DCA3-B920-4B36-BF34-1031EB58722B}"
EndProject
Project("{9A19103F-16F7-4668-BE54-9A1E7A4F7556}") = "R5T.T0143", "..\..\R5T.T0143\source\R5T.T0143\R5T.T0143.csproj", "{B75F1924-E746-4DF7-9E03-4D850FC452BB}"
EndProject
Global
	GlobalSection(NestedProjects) = preSolution
		{7F159E9D-8307-41D3-95E6-929663BFC04C} = {7CB0755A-2E22-4C0B-A907-287062CC6677}
		{96E7DDA9-395F-4325-95A5-19F8BA3313E3} = {7CB0755A-2E22-4C0B-A907-287062CC6677}
		{0707DE8F-E63B-4DAE-A098-774BBD474640} = {7CB0755A-2E22-4C0B-A907-287062CC6677}
		{1BB11993-0C14-48F6-BD8C-0A0858034E71} = {7CB0755A-2E22-4C0B-A907-287062CC6677}
		{805D88D9-E17D-4985-8604-FE90CD8DBF4F} = {7CB0755A-2E22-4C0B-A907-287062CC6677}
		{2EBD791E-890B-4680-8A2E-8C2FB07E0C70} = {7CB0755A-2E22-4C0B-A907-287062CC6677}
		{CCD1C1AF-E21B-43A5-891A-6FC204DCBBE3} = {7CB0755A-2E22-4C0B-A907-287062CC6677}
		{FF6C4B03-60D1-4DF4-BB20-8358FE958D54} = {7CB0755A-2E22-4C0B-A907-287062CC6677}
		{57283BC8-35DC-4B5C-BDDB-D84B7C3530BE} = {7CB0755A-2E22-4C0B-A907-287062CC6677}
		{C66CC62B-19B0-435A-B601-E67082EA69B0} = {7CB0755A-2E22-4C0B-A907-287062CC6677}
		{B4E9F534-3E24-443E-A77A-B339E2308FAB} = {7CB0755A-2E22-4C0B-A907-287062CC6677}
		{EB1DFC5E-AFB5-4B57-AF53-9A9433D56952} = {7CB0755A-2E22-4C0B-A907-287062CC6677}
		{51B19562-94E6-49A9-AC43-F9D90D125463} = {7CB0755A-2E22-4C0B-A907-287062CC6677}
		{C4E015EC-7AD0-4CA2-9374-2DDA3CADAF15} = {7CB0755A-2E22-4C0B-A907-287062CC6677}
		{68830D52-387E-4A1C-8E08-1217E4D119A7} = {7CB0755A-2E22-4C0B-A907-287062CC6677}
		{8A40786C-3571-4E50-BCFB-A16C1C77FE1B} = {7CB0755A-2E22-4C0B-A907-287062CC6677}
		{E9CEA2AD-BCE8-41DA-9F1F-45FF9BC19458} = {7CB0755A-2E22-4C0B-A907-287062CC6677}
		{F4F178FC-BA85-46AC-8AC4-EB7717E10EF1} = {7CB0755A-2E22-4C0B-A907-287062CC6677}
		{3EB72437-6B9E-4F0B-A9E2-00B0CAF8ADB1} = {7CB0755A-2E22-4C0B-A907-287062CC6677}
		{75BC82A3-A19F-4184-8C42-580304759AFA} = {7CB0755A-2E22-4C0B-A907-287062CC6677}
		{8007DE45-52F2-4F0D-8FB6-72073B961F17} = {7CB0755A-2E22-4C0B-A907-287062CC6677}
		{5283DA3B-1C6D-4435-9E2A-B0878D0D2BF6} = {7CB0755A-2E22-4C0B-A907-287062CC6677}
		{CA5F9848-B571-4A8C-B6A9-ECBEF0B86CCF} = {7CB0755A-2E22-4C0B-A907-287062CC6677}
		{BB39DEA6-8E05-4796-8440-3F58B76376F9} = {7CB0755A-2E22-4C0B-A907-287062CC6677}
		{7D43CCEA-6779-4DDD-97E4-BD400AA67A04} = {7CB0755A-2E22-4C0B-A907-287062CC6677}
		{34415128-9B99-44CF-891B-CDEAB8F198B8} = {7CB0755A-2E22-4C0B-A907-287062CC6677}
		{B1841FEF-FA11-430A-AB38-E96FCFC43C75} = {7CB0755A-2E22-4C0B-A907-287062CC6677}
		{13C87A32-8221-486C-82A9-AB23B09DEF3E} = {7CB0755A-2E22-4C0B-A907-287062CC6677}
		{0F697CEE-A587-4F1E-9E6C-56AF1160073B} = {7CB0755A-2E22-4C0B-A907-287062CC6677}
		{E6784186-6B35-47BB-A406-0DB649E632A0} = {7CB0755A-2E22-4C0B-A907-287062CC6677}
		{EAF6C491-AFD7-4B26-B397-C7C98D3E1602} = {7CB0755A-2E22-4C0B-A907-287062CC6677}
		{E3A7EDFF-CC43-40E0-A05F-83BF629BD03C} = {7CB0755A-2E22-4C0B-A907-287062CC6677}
		{FB5E257F-FC14-4E01-95CC-DFA9D1F97E53} = {7CB0755A-2E22-4C0B-A907-287062CC6677}
		{5F7083D5-68C3-42DC-BDB7-7143D35ACBA2} = {7CB0755A-2E22-4C0B-A907-287062CC6677}
		{79A9AEB1-014F-49BD-848B-E21EAACB8C49} = {7CB0755A-2E22-4C0B-A907-287062CC6677}
		{A3C8B0FD-93BE-4B9B-813C-58A722894230} = {7CB0755A-2E22-4C0B-A907-287062CC6677}
		{FE791FFF-17FC-48B4-8045-9351D19325FC} = {7CB0755A-2E22-4C0B-A907-287062CC6677}
		{B85F006A-5768-4E63-867C-FD607322D5F0} = {7CB0755A-2E22-4C0B-A907-287062CC6677}
		{ED44E417-456A-4223-84EE-D012D233AFFE} = {7CB0755A-2E22-4C0B-A907-287062CC6677}
		{F676DCA3-B920-4B36-BF34-1031EB58722B} = {7CB0755A-2E22-4C0B-A907-287062CC6677}
		{B75F1924-E746-4DF7-9E03-4D850FC452BB} = {7CB0755A-2E22-4C0B-A907-287062CC6677}
	EndGlobalSection
	GlobalSection(SolutionConfigurationPlatforms) = preSolution
		Debug|Any CPU = Debug|Any CPU
		Debug|x64 = Debug|x64
		Debug|x86 = Debug|x86
		Release|Any CPU = Release|Any CPU
		Release|x64 = Release|x64
		Release|x86 = Release|x86
	EndGlobalSection
	GlobalSection(ProjectConfigurationPlatforms) = postSolution
		{F5604FEB-1811-48CD-9572-32CB0FDE330A}.Debug|Any CPU.ActiveCfg = Debug|Any CPU
		{F5604FEB-1811-48CD-9572-32CB0FDE330A}.Debug|Any CPU.Build.0 = Debug|Any CPU
		{F5604FEB-1811-48CD-9572-32CB0FDE330A}.Debug|x64.ActiveCfg = Debug|Any CPU
		{F5604FEB-1811-48CD-9572-32CB0FDE330A}.Debug|x64.Build.0 = Debug|Any CPU
		{F5604FEB-1811-48CD-9572-32CB0FDE330A}.Debug|x86.ActiveCfg = Debug|Any CPU
		{F5604FEB-1811-48CD-9572-32CB0FDE330A}.Debug|x86.Build.0 = Debug|Any CPU
		{F5604FEB-1811-48CD-9572-32CB0FDE330A}.Release|Any CPU.ActiveCfg = Release|Any CPU
		{F5604FEB-1811-48CD-9572-32CB0FDE330A}.Release|Any CPU.Build.0 = Release|Any CPU
		{F5604FEB-1811-48CD-9572-32CB0FDE330A}.Release|x64.ActiveCfg = Release|Any CPU
		{F5604FEB-1811-48CD-9572-32CB0FDE330A}.Release|x64.Build.0 = Release|Any CPU
		{F5604FEB-1811-48CD-9572-32CB0FDE330A}.Release|x86.ActiveCfg = Release|Any CPU
		{F5604FEB-1811-48CD-9572-32CB0FDE330A}.Release|x86.Build.0 = Release|Any CPU
		{7F159E9D-8307-41D3-95E6-929663BFC04C}.Debug|Any CPU.ActiveCfg = Debug|Any CPU
		{7F159E9D-8307-41D3-95E6-929663BFC04C}.Debug|Any CPU.Build.0 = Debug|Any CPU
		{7F159E9D-8307-41D3-95E6-929663BFC04C}.Debug|x64.ActiveCfg = Debug|Any CPU
		{7F159E9D-8307-41D3-95E6-929663BFC04C}.Debug|x64.Build.0 = Debug|Any CPU
		{7F159E9D-8307-41D3-95E6-929663BFC04C}.Debug|x86.ActiveCfg = Debug|Any CPU
		{7F159E9D-8307-41D3-95E6-929663BFC04C}.Debug|x86.Build.0 = Debug|Any CPU
		{7F159E9D-8307-41D3-95E6-929663BFC04C}.Release|Any CPU.ActiveCfg = Release|Any CPU
		{7F159E9D-8307-41D3-95E6-929663BFC04C}.Release|Any CPU.Build.0 = Release|Any CPU
		{7F159E9D-8307-41D3-95E6-929663BFC04C}.Release|x64.ActiveCfg = Release|Any CPU
		{7F159E9D-8307-41D3-95E6-929663BFC04C}.Release|x64.Build.0 = Release|Any CPU
		{7F159E9D-8307-41D3-95E6-929663BFC04C}.Release|x86.ActiveCfg = Release|Any CPU
		{7F159E9D-8307-41D3-95E6-929663BFC04C}.Release|x86.Build.0 = Release|Any CPU
		{96E7DDA9-395F-4325-95A5-19F8BA3313E3}.Debug|Any CPU.ActiveCfg = Debug|Any CPU
		{96E7DDA9-395F-4325-95A5-19F8BA3313E3}.Debug|Any CPU.Build.0 = Debug|Any CPU
		{96E7DDA9-395F-4325-95A5-19F8BA3313E3}.Debug|x64.ActiveCfg = Debug|Any CPU
		{96E7DDA9-395F-4325-95A5-19F8BA3313E3}.Debug|x64.Build.0 = Debug|Any CPU
		{96E7DDA9-395F-4325-95A5-19F8BA3313E3}.Debug|x86.ActiveCfg = Debug|Any CPU
		{96E7DDA9-395F-4325-95A5-19F8BA3313E3}.Debug|x86.Build.0 = Debug|Any CPU
		{96E7DDA9-395F-4325-95A5-19F8BA3313E3}.Release|Any CPU.ActiveCfg = Release|Any CPU
		{96E7DDA9-395F-4325-95A5-19F8BA3313E3}.Release|Any CPU.Build.0 = Release|Any CPU
		{96E7DDA9-395F-4325-95A5-19F8BA3313E3}.Release|x64.ActiveCfg = Release|Any CPU
		{96E7DDA9-395F-4325-95A5-19F8BA3313E3}.Release|x64.Build.0 = Release|Any CPU
		{96E7DDA9-395F-4325-95A5-19F8BA3313E3}.Release|x86.ActiveCfg = Release|Any CPU
		{96E7DDA9-395F-4325-95A5-19F8BA3313E3}.Release|x86.Build.0 = Release|Any CPU
		{0707DE8F-E63B-4DAE-A098-774BBD474640}.Debug|Any CPU.ActiveCfg = Debug|Any CPU
		{0707DE8F-E63B-4DAE-A098-774BBD474640}.Debug|Any CPU.Build.0 = Debug|Any CPU
		{0707DE8F-E63B-4DAE-A098-774BBD474640}.Debug|x64.ActiveCfg = Debug|Any CPU
		{0707DE8F-E63B-4DAE-A098-774BBD474640}.Debug|x64.Build.0 = Debug|Any CPU
		{0707DE8F-E63B-4DAE-A098-774BBD474640}.Debug|x86.ActiveCfg = Debug|Any CPU
		{0707DE8F-E63B-4DAE-A098-774BBD474640}.Debug|x86.Build.0 = Debug|Any CPU
		{0707DE8F-E63B-4DAE-A098-774BBD474640}.Release|Any CPU.ActiveCfg = Release|Any CPU
		{0707DE8F-E63B-4DAE-A098-774BBD474640}.Release|Any CPU.Build.0 = Release|Any CPU
		{0707DE8F-E63B-4DAE-A098-774BBD474640}.Release|x64.ActiveCfg = Release|Any CPU
		{0707DE8F-E63B-4DAE-A098-774BBD474640}.Release|x64.Build.0 = Release|Any CPU
		{0707DE8F-E63B-4DAE-A098-774BBD474640}.Release|x86.ActiveCfg = Release|Any CPU
		{0707DE8F-E63B-4DAE-A098-774BBD474640}.Release|x86.Build.0 = Release|Any CPU
		{1BB11993-0C14-48F6-BD8C-0A0858034E71}.Debug|Any CPU.ActiveCfg = Debug|Any CPU
		{1BB11993-0C14-48F6-BD8C-0A0858034E71}.Debug|Any CPU.Build.0 = Debug|Any CPU
		{1BB11993-0C14-48F6-BD8C-0A0858034E71}.Debug|x64.ActiveCfg = Debug|Any CPU
		{1BB11993-0C14-48F6-BD8C-0A0858034E71}.Debug|x64.Build.0 = Debug|Any CPU
		{1BB11993-0C14-48F6-BD8C-0A0858034E71}.Debug|x86.ActiveCfg = Debug|Any CPU
		{1BB11993-0C14-48F6-BD8C-0A0858034E71}.Debug|x86.Build.0 = Debug|Any CPU
		{1BB11993-0C14-48F6-BD8C-0A0858034E71}.Release|Any CPU.ActiveCfg = Release|Any CPU
		{1BB11993-0C14-48F6-BD8C-0A0858034E71}.Release|Any CPU.Build.0 = Release|Any CPU
		{1BB11993-0C14-48F6-BD8C-0A0858034E71}.Release|x64.ActiveCfg = Release|Any CPU
		{1BB11993-0C14-48F6-BD8C-0A0858034E71}.Release|x64.Build.0 = Release|Any CPU
		{1BB11993-0C14-48F6-BD8C-0A0858034E71}.Release|x86.ActiveCfg = Release|Any CPU
		{1BB11993-0C14-48F6-BD8C-0A0858034E71}.Release|x86.Build.0 = Release|Any CPU
		{805D88D9-E17D-4985-8604-FE90CD8DBF4F}.Debug|Any CPU.ActiveCfg = Debug|Any CPU
		{805D88D9-E17D-4985-8604-FE90CD8DBF4F}.Debug|Any CPU.Build.0 = Debug|Any CPU
		{805D88D9-E17D-4985-8604-FE90CD8DBF4F}.Debug|x64.ActiveCfg = Debug|Any CPU
		{805D88D9-E17D-4985-8604-FE90CD8DBF4F}.Debug|x64.Build.0 = Debug|Any CPU
		{805D88D9-E17D-4985-8604-FE90CD8DBF4F}.Debug|x86.ActiveCfg = Debug|Any CPU
		{805D88D9-E17D-4985-8604-FE90CD8DBF4F}.Debug|x86.Build.0 = Debug|Any CPU
		{805D88D9-E17D-4985-8604-FE90CD8DBF4F}.Release|Any CPU.ActiveCfg = Release|Any CPU
		{805D88D9-E17D-4985-8604-FE90CD8DBF4F}.Release|Any CPU.Build.0 = Release|Any CPU
		{805D88D9-E17D-4985-8604-FE90CD8DBF4F}.Release|x64.ActiveCfg = Release|Any CPU
		{805D88D9-E17D-4985-8604-FE90CD8DBF4F}.Release|x64.Build.0 = Release|Any CPU
		{805D88D9-E17D-4985-8604-FE90CD8DBF4F}.Release|x86.ActiveCfg = Release|Any CPU
		{805D88D9-E17D-4985-8604-FE90CD8DBF4F}.Release|x86.Build.0 = Release|Any CPU
		{2EBD791E-890B-4680-8A2E-8C2FB07E0C70}.Debug|Any CPU.ActiveCfg = Debug|Any CPU
		{2EBD791E-890B-4680-8A2E-8C2FB07E0C70}.Debug|Any CPU.Build.0 = Debug|Any CPU
		{2EBD791E-890B-4680-8A2E-8C2FB07E0C70}.Debug|x64.ActiveCfg = Debug|Any CPU
		{2EBD791E-890B-4680-8A2E-8C2FB07E0C70}.Debug|x64.Build.0 = Debug|Any CPU
		{2EBD791E-890B-4680-8A2E-8C2FB07E0C70}.Debug|x86.ActiveCfg = Debug|Any CPU
		{2EBD791E-890B-4680-8A2E-8C2FB07E0C70}.Debug|x86.Build.0 = Debug|Any CPU
		{2EBD791E-890B-4680-8A2E-8C2FB07E0C70}.Release|Any CPU.ActiveCfg = Release|Any CPU
		{2EBD791E-890B-4680-8A2E-8C2FB07E0C70}.Release|Any CPU.Build.0 = Release|Any CPU
		{2EBD791E-890B-4680-8A2E-8C2FB07E0C70}.Release|x64.ActiveCfg = Release|Any CPU
		{2EBD791E-890B-4680-8A2E-8C2FB07E0C70}.Release|x64.Build.0 = Release|Any CPU
		{2EBD791E-890B-4680-8A2E-8C2FB07E0C70}.Release|x86.ActiveCfg = Release|Any CPU
		{2EBD791E-890B-4680-8A2E-8C2FB07E0C70}.Release|x86.Build.0 = Release|Any CPU
		{CCD1C1AF-E21B-43A5-891A-6FC204DCBBE3}.Debug|Any CPU.ActiveCfg = Debug|Any CPU
		{CCD1C1AF-E21B-43A5-891A-6FC204DCBBE3}.Debug|Any CPU.Build.0 = Debug|Any CPU
		{CCD1C1AF-E21B-43A5-891A-6FC204DCBBE3}.Debug|x64.ActiveCfg = Debug|Any CPU
		{CCD1C1AF-E21B-43A5-891A-6FC204DCBBE3}.Debug|x64.Build.0 = Debug|Any CPU
		{CCD1C1AF-E21B-43A5-891A-6FC204DCBBE3}.Debug|x86.ActiveCfg = Debug|Any CPU
		{CCD1C1AF-E21B-43A5-891A-6FC204DCBBE3}.Debug|x86.Build.0 = Debug|Any CPU
		{CCD1C1AF-E21B-43A5-891A-6FC204DCBBE3}.Release|Any CPU.ActiveCfg = Release|Any CPU
		{CCD1C1AF-E21B-43A5-891A-6FC204DCBBE3}.Release|Any CPU.Build.0 = Release|Any CPU
		{CCD1C1AF-E21B-43A5-891A-6FC204DCBBE3}.Release|x64.ActiveCfg = Release|Any CPU
		{CCD1C1AF-E21B-43A5-891A-6FC204DCBBE3}.Release|x64.Build.0 = Release|Any CPU
		{CCD1C1AF-E21B-43A5-891A-6FC204DCBBE3}.Release|x86.ActiveCfg = Release|Any CPU
		{CCD1C1AF-E21B-43A5-891A-6FC204DCBBE3}.Release|x86.Build.0 = Release|Any CPU
		{FF6C4B03-60D1-4DF4-BB20-8358FE958D54}.Debug|Any CPU.ActiveCfg = Debug|Any CPU
		{FF6C4B03-60D1-4DF4-BB20-8358FE958D54}.Debug|Any CPU.Build.0 = Debug|Any CPU
		{FF6C4B03-60D1-4DF4-BB20-8358FE958D54}.Debug|x64.ActiveCfg = Debug|Any CPU
		{FF6C4B03-60D1-4DF4-BB20-8358FE958D54}.Debug|x64.Build.0 = Debug|Any CPU
		{FF6C4B03-60D1-4DF4-BB20-8358FE958D54}.Debug|x86.ActiveCfg = Debug|Any CPU
		{FF6C4B03-60D1-4DF4-BB20-8358FE958D54}.Debug|x86.Build.0 = Debug|Any CPU
		{FF6C4B03-60D1-4DF4-BB20-8358FE958D54}.Release|Any CPU.ActiveCfg = Release|Any CPU
		{FF6C4B03-60D1-4DF4-BB20-8358FE958D54}.Release|Any CPU.Build.0 = Release|Any CPU
		{FF6C4B03-60D1-4DF4-BB20-8358FE958D54}.Release|x64.ActiveCfg = Release|Any CPU
		{FF6C4B03-60D1-4DF4-BB20-8358FE958D54}.Release|x64.Build.0 = Release|Any CPU
		{FF6C4B03-60D1-4DF4-BB20-8358FE958D54}.Release|x86.ActiveCfg = Release|Any CPU
		{FF6C4B03-60D1-4DF4-BB20-8358FE958D54}.Release|x86.Build.0 = Release|Any CPU
		{57283BC8-35DC-4B5C-BDDB-D84B7C3530BE}.Debug|Any CPU.ActiveCfg = Debug|Any CPU
		{57283BC8-35DC-4B5C-BDDB-D84B7C3530BE}.Debug|Any CPU.Build.0 = Debug|Any CPU
		{57283BC8-35DC-4B5C-BDDB-D84B7C3530BE}.Debug|x64.ActiveCfg = Debug|Any CPU
		{57283BC8-35DC-4B5C-BDDB-D84B7C3530BE}.Debug|x64.Build.0 = Debug|Any CPU
		{57283BC8-35DC-4B5C-BDDB-D84B7C3530BE}.Debug|x86.ActiveCfg = Debug|Any CPU
		{57283BC8-35DC-4B5C-BDDB-D84B7C3530BE}.Debug|x86.Build.0 = Debug|Any CPU
		{57283BC8-35DC-4B5C-BDDB-D84B7C3530BE}.Release|Any CPU.ActiveCfg = Release|Any CPU
		{57283BC8-35DC-4B5C-BDDB-D84B7C3530BE}.Release|Any CPU.Build.0 = Release|Any CPU
		{57283BC8-35DC-4B5C-BDDB-D84B7C3530BE}.Release|x64.ActiveCfg = Release|Any CPU
		{57283BC8-35DC-4B5C-BDDB-D84B7C3530BE}.Release|x64.Build.0 = Release|Any CPU
		{57283BC8-35DC-4B5C-BDDB-D84B7C3530BE}.Release|x86.ActiveCfg = Release|Any CPU
		{57283BC8-35DC-4B5C-BDDB-D84B7C3530BE}.Release|x86.Build.0 = Release|Any CPU
		{C66CC62B-19B0-435A-B601-E67082EA69B0}.Debug|Any CPU.ActiveCfg = Debug|Any CPU
		{C66CC62B-19B0-435A-B601-E67082EA69B0}.Debug|Any CPU.Build.0 = Debug|Any CPU
		{C66CC62B-19B0-435A-B601-E67082EA69B0}.Debug|x64.ActiveCfg = Debug|Any CPU
		{C66CC62B-19B0-435A-B601-E67082EA69B0}.Debug|x64.Build.0 = Debug|Any CPU
		{C66CC62B-19B0-435A-B601-E67082EA69B0}.Debug|x86.ActiveCfg = Debug|Any CPU
		{C66CC62B-19B0-435A-B601-E67082EA69B0}.Debug|x86.Build.0 = Debug|Any CPU
		{C66CC62B-19B0-435A-B601-E67082EA69B0}.Release|Any CPU.ActiveCfg = Release|Any CPU
		{C66CC62B-19B0-435A-B601-E67082EA69B0}.Release|Any CPU.Build.0 = Release|Any CPU
		{C66CC62B-19B0-435A-B601-E67082EA69B0}.Release|x64.ActiveCfg = Release|Any CPU
		{C66CC62B-19B0-435A-B601-E67082EA69B0}.Release|x64.Build.0 = Release|Any CPU
		{C66CC62B-19B0-435A-B601-E67082EA69B0}.Release|x86.ActiveCfg = Release|Any CPU
		{C66CC62B-19B0-435A-B601-E67082EA69B0}.Release|x86.Build.0 = Release|Any CPU
		{B4E9F534-3E24-443E-A77A-B339E2308FAB}.Debug|Any CPU.ActiveCfg = Debug|Any CPU
		{B4E9F534-3E24-443E-A77A-B339E2308FAB}.Debug|Any CPU.Build.0 = Debug|Any CPU
		{B4E9F534-3E24-443E-A77A-B339E2308FAB}.Debug|x64.ActiveCfg = Debug|Any CPU
		{B4E9F534-3E24-443E-A77A-B339E2308FAB}.Debug|x64.Build.0 = Debug|Any CPU
		{B4E9F534-3E24-443E-A77A-B339E2308FAB}.Debug|x86.ActiveCfg = Debug|Any CPU
		{B4E9F534-3E24-443E-A77A-B339E2308FAB}.Debug|x86.Build.0 = Debug|Any CPU
		{B4E9F534-3E24-443E-A77A-B339E2308FAB}.Release|Any CPU.ActiveCfg = Release|Any CPU
		{B4E9F534-3E24-443E-A77A-B339E2308FAB}.Release|Any CPU.Build.0 = Release|Any CPU
		{B4E9F534-3E24-443E-A77A-B339E2308FAB}.Release|x64.ActiveCfg = Release|Any CPU
		{B4E9F534-3E24-443E-A77A-B339E2308FAB}.Release|x64.Build.0 = Release|Any CPU
		{B4E9F534-3E24-443E-A77A-B339E2308FAB}.Release|x86.ActiveCfg = Release|Any CPU
		{B4E9F534-3E24-443E-A77A-B339E2308FAB}.Release|x86.Build.0 = Release|Any CPU
		{EB1DFC5E-AFB5-4B57-AF53-9A9433D56952}.Debug|Any CPU.ActiveCfg = Debug|Any CPU
		{EB1DFC5E-AFB5-4B57-AF53-9A9433D56952}.Debug|Any CPU.Build.0 = Debug|Any CPU
		{EB1DFC5E-AFB5-4B57-AF53-9A9433D56952}.Debug|x64.ActiveCfg = Debug|Any CPU
		{EB1DFC5E-AFB5-4B57-AF53-9A9433D56952}.Debug|x64.Build.0 = Debug|Any CPU
		{EB1DFC5E-AFB5-4B57-AF53-9A9433D56952}.Debug|x86.ActiveCfg = Debug|Any CPU
		{EB1DFC5E-AFB5-4B57-AF53-9A9433D56952}.Debug|x86.Build.0 = Debug|Any CPU
		{EB1DFC5E-AFB5-4B57-AF53-9A9433D56952}.Release|Any CPU.ActiveCfg = Release|Any CPU
		{EB1DFC5E-AFB5-4B57-AF53-9A9433D56952}.Release|Any CPU.Build.0 = Release|Any CPU
		{EB1DFC5E-AFB5-4B57-AF53-9A9433D56952}.Release|x64.ActiveCfg = Release|Any CPU
		{EB1DFC5E-AFB5-4B57-AF53-9A9433D56952}.Release|x64.Build.0 = Release|Any CPU
		{EB1DFC5E-AFB5-4B57-AF53-9A9433D56952}.Release|x86.ActiveCfg = Release|Any CPU
		{EB1DFC5E-AFB5-4B57-AF53-9A9433D56952}.Release|x86.Build.0 = Release|Any CPU
		{51B19562-94E6-49A9-AC43-F9D90D125463}.Debug|Any CPU.ActiveCfg = Debug|Any CPU
		{51B19562-94E6-49A9-AC43-F9D90D125463}.Debug|Any CPU.Build.0 = Debug|Any CPU
		{51B19562-94E6-49A9-AC43-F9D90D125463}.Debug|x64.ActiveCfg = Debug|Any CPU
		{51B19562-94E6-49A9-AC43-F9D90D125463}.Debug|x64.Build.0 = Debug|Any CPU
		{51B19562-94E6-49A9-AC43-F9D90D125463}.Debug|x86.ActiveCfg = Debug|Any CPU
		{51B19562-94E6-49A9-AC43-F9D90D125463}.Debug|x86.Build.0 = Debug|Any CPU
		{51B19562-94E6-49A9-AC43-F9D90D125463}.Release|Any CPU.ActiveCfg = Release|Any CPU
		{51B19562-94E6-49A9-AC43-F9D90D125463}.Release|Any CPU.Build.0 = Release|Any CPU
		{51B19562-94E6-49A9-AC43-F9D90D125463}.Release|x64.ActiveCfg = Release|Any CPU
		{51B19562-94E6-49A9-AC43-F9D90D125463}.Release|x64.Build.0 = Release|Any CPU
		{51B19562-94E6-49A9-AC43-F9D90D125463}.Release|x86.ActiveCfg = Release|Any CPU
		{51B19562-94E6-49A9-AC43-F9D90D125463}.Release|x86.Build.0 = Release|Any CPU
		{C4E015EC-7AD0-4CA2-9374-2DDA3CADAF15}.Debug|Any CPU.ActiveCfg = Debug|Any CPU
		{C4E015EC-7AD0-4CA2-9374-2DDA3CADAF15}.Debug|Any CPU.Build.0 = Debug|Any CPU
		{C4E015EC-7AD0-4CA2-9374-2DDA3CADAF15}.Debug|x64.ActiveCfg = Debug|Any CPU
		{C4E015EC-7AD0-4CA2-9374-2DDA3CADAF15}.Debug|x64.Build.0 = Debug|Any CPU
		{C4E015EC-7AD0-4CA2-9374-2DDA3CADAF15}.Debug|x86.ActiveCfg = Debug|Any CPU
		{C4E015EC-7AD0-4CA2-9374-2DDA3CADAF15}.Debug|x86.Build.0 = Debug|Any CPU
		{C4E015EC-7AD0-4CA2-9374-2DDA3CADAF15}.Release|Any CPU.ActiveCfg = Release|Any CPU
		{C4E015EC-7AD0-4CA2-9374-2DDA3CADAF15}.Release|Any CPU.Build.0 = Release|Any CPU
		{C4E015EC-7AD0-4CA2-9374-2DDA3CADAF15}.Release|x64.ActiveCfg = Release|Any CPU
		{C4E015EC-7AD0-4CA2-9374-2DDA3CADAF15}.Release|x64.Build.0 = Release|Any CPU
		{C4E015EC-7AD0-4CA2-9374-2DDA3CADAF15}.Release|x86.ActiveCfg = Release|Any CPU
		{C4E015EC-7AD0-4CA2-9374-2DDA3CADAF15}.Release|x86.Build.0 = Release|Any CPU
		{68830D52-387E-4A1C-8E08-1217E4D119A7}.Debug|Any CPU.ActiveCfg = Debug|Any CPU
		{68830D52-387E-4A1C-8E08-1217E4D119A7}.Debug|Any CPU.Build.0 = Debug|Any CPU
		{68830D52-387E-4A1C-8E08-1217E4D119A7}.Debug|x64.ActiveCfg = Debug|Any CPU
		{68830D52-387E-4A1C-8E08-1217E4D119A7}.Debug|x64.Build.0 = Debug|Any CPU
		{68830D52-387E-4A1C-8E08-1217E4D119A7}.Debug|x86.ActiveCfg = Debug|Any CPU
		{68830D52-387E-4A1C-8E08-1217E4D119A7}.Debug|x86.Build.0 = Debug|Any CPU
		{68830D52-387E-4A1C-8E08-1217E4D119A7}.Release|Any CPU.ActiveCfg = Release|Any CPU
		{68830D52-387E-4A1C-8E08-1217E4D119A7}.Release|Any CPU.Build.0 = Release|Any CPU
		{68830D52-387E-4A1C-8E08-1217E4D119A7}.Release|x64.ActiveCfg = Release|Any CPU
		{68830D52-387E-4A1C-8E08-1217E4D119A7}.Release|x64.Build.0 = Release|Any CPU
		{68830D52-387E-4A1C-8E08-1217E4D119A7}.Release|x86.ActiveCfg = Release|Any CPU
		{68830D52-387E-4A1C-8E08-1217E4D119A7}.Release|x86.Build.0 = Release|Any CPU
		{8A40786C-3571-4E50-BCFB-A16C1C77FE1B}.Debug|Any CPU.ActiveCfg = Debug|Any CPU
		{8A40786C-3571-4E50-BCFB-A16C1C77FE1B}.Debug|Any CPU.Build.0 = Debug|Any CPU
		{8A40786C-3571-4E50-BCFB-A16C1C77FE1B}.Debug|x64.ActiveCfg = Debug|Any CPU
		{8A40786C-3571-4E50-BCFB-A16C1C77FE1B}.Debug|x64.Build.0 = Debug|Any CPU
		{8A40786C-3571-4E50-BCFB-A16C1C77FE1B}.Debug|x86.ActiveCfg = Debug|Any CPU
		{8A40786C-3571-4E50-BCFB-A16C1C77FE1B}.Debug|x86.Build.0 = Debug|Any CPU
		{8A40786C-3571-4E50-BCFB-A16C1C77FE1B}.Release|Any CPU.ActiveCfg = Release|Any CPU
		{8A40786C-3571-4E50-BCFB-A16C1C77FE1B}.Release|Any CPU.Build.0 = Release|Any CPU
		{8A40786C-3571-4E50-BCFB-A16C1C77FE1B}.Release|x64.ActiveCfg = Release|Any CPU
		{8A40786C-3571-4E50-BCFB-A16C1C77FE1B}.Release|x64.Build.0 = Release|Any CPU
		{8A40786C-3571-4E50-BCFB-A16C1C77FE1B}.Release|x86.ActiveCfg = Release|Any CPU
		{8A40786C-3571-4E50-BCFB-A16C1C77FE1B}.Release|x86.Build.0 = Release|Any CPU
		{E9CEA2AD-BCE8-41DA-9F1F-45FF9BC19458}.Debug|Any CPU.ActiveCfg = Debug|Any CPU
		{E9CEA2AD-BCE8-41DA-9F1F-45FF9BC19458}.Debug|Any CPU.Build.0 = Debug|Any CPU
		{E9CEA2AD-BCE8-41DA-9F1F-45FF9BC19458}.Debug|x64.ActiveCfg = Debug|Any CPU
		{E9CEA2AD-BCE8-41DA-9F1F-45FF9BC19458}.Debug|x64.Build.0 = Debug|Any CPU
		{E9CEA2AD-BCE8-41DA-9F1F-45FF9BC19458}.Debug|x86.ActiveCfg = Debug|Any CPU
		{E9CEA2AD-BCE8-41DA-9F1F-45FF9BC19458}.Debug|x86.Build.0 = Debug|Any CPU
		{E9CEA2AD-BCE8-41DA-9F1F-45FF9BC19458}.Release|Any CPU.ActiveCfg = Release|Any CPU
		{E9CEA2AD-BCE8-41DA-9F1F-45FF9BC19458}.Release|Any CPU.Build.0 = Release|Any CPU
		{E9CEA2AD-BCE8-41DA-9F1F-45FF9BC19458}.Release|x64.ActiveCfg = Release|Any CPU
		{E9CEA2AD-BCE8-41DA-9F1F-45FF9BC19458}.Release|x64.Build.0 = Release|Any CPU
		{E9CEA2AD-BCE8-41DA-9F1F-45FF9BC19458}.Release|x86.ActiveCfg = Release|Any CPU
		{E9CEA2AD-BCE8-41DA-9F1F-45FF9BC19458}.Release|x86.Build.0 = Release|Any CPU
		{F4F178FC-BA85-46AC-8AC4-EB7717E10EF1}.Debug|Any CPU.ActiveCfg = Debug|Any CPU
		{F4F178FC-BA85-46AC-8AC4-EB7717E10EF1}.Debug|Any CPU.Build.0 = Debug|Any CPU
		{F4F178FC-BA85-46AC-8AC4-EB7717E10EF1}.Debug|x64.ActiveCfg = Debug|Any CPU
		{F4F178FC-BA85-46AC-8AC4-EB7717E10EF1}.Debug|x64.Build.0 = Debug|Any CPU
		{F4F178FC-BA85-46AC-8AC4-EB7717E10EF1}.Debug|x86.ActiveCfg = Debug|Any CPU
		{F4F178FC-BA85-46AC-8AC4-EB7717E10EF1}.Debug|x86.Build.0 = Debug|Any CPU
		{F4F178FC-BA85-46AC-8AC4-EB7717E10EF1}.Release|Any CPU.ActiveCfg = Release|Any CPU
		{F4F178FC-BA85-46AC-8AC4-EB7717E10EF1}.Release|Any CPU.Build.0 = Release|Any CPU
		{F4F178FC-BA85-46AC-8AC4-EB7717E10EF1}.Release|x64.ActiveCfg = Release|Any CPU
		{F4F178FC-BA85-46AC-8AC4-EB7717E10EF1}.Release|x64.Build.0 = Release|Any CPU
		{F4F178FC-BA85-46AC-8AC4-EB7717E10EF1}.Release|x86.ActiveCfg = Release|Any CPU
		{F4F178FC-BA85-46AC-8AC4-EB7717E10EF1}.Release|x86.Build.0 = Release|Any CPU
		{3EB72437-6B9E-4F0B-A9E2-00B0CAF8ADB1}.Debug|Any CPU.ActiveCfg = Debug|Any CPU
		{3EB72437-6B9E-4F0B-A9E2-00B0CAF8ADB1}.Debug|Any CPU.Build.0 = Debug|Any CPU
		{3EB72437-6B9E-4F0B-A9E2-00B0CAF8ADB1}.Debug|x64.ActiveCfg = Debug|Any CPU
		{3EB72437-6B9E-4F0B-A9E2-00B0CAF8ADB1}.Debug|x64.Build.0 = Debug|Any CPU
		{3EB72437-6B9E-4F0B-A9E2-00B0CAF8ADB1}.Debug|x86.ActiveCfg = Debug|Any CPU
		{3EB72437-6B9E-4F0B-A9E2-00B0CAF8ADB1}.Debug|x86.Build.0 = Debug|Any CPU
		{3EB72437-6B9E-4F0B-A9E2-00B0CAF8ADB1}.Release|Any CPU.ActiveCfg = Release|Any CPU
		{3EB72437-6B9E-4F0B-A9E2-00B0CAF8ADB1}.Release|Any CPU.Build.0 = Release|Any CPU
		{3EB72437-6B9E-4F0B-A9E2-00B0CAF8ADB1}.Release|x64.ActiveCfg = Release|Any CPU
		{3EB72437-6B9E-4F0B-A9E2-00B0CAF8ADB1}.Release|x64.Build.0 = Release|Any CPU
		{3EB72437-6B9E-4F0B-A9E2-00B0CAF8ADB1}.Release|x86.ActiveCfg = Release|Any CPU
		{3EB72437-6B9E-4F0B-A9E2-00B0CAF8ADB1}.Release|x86.Build.0 = Release|Any CPU
		{75BC82A3-A19F-4184-8C42-580304759AFA}.Debug|Any CPU.ActiveCfg = Debug|Any CPU
		{75BC82A3-A19F-4184-8C42-580304759AFA}.Debug|Any CPU.Build.0 = Debug|Any CPU
		{75BC82A3-A19F-4184-8C42-580304759AFA}.Debug|x64.ActiveCfg = Debug|Any CPU
		{75BC82A3-A19F-4184-8C42-580304759AFA}.Debug|x64.Build.0 = Debug|Any CPU
		{75BC82A3-A19F-4184-8C42-580304759AFA}.Debug|x86.ActiveCfg = Debug|Any CPU
		{75BC82A3-A19F-4184-8C42-580304759AFA}.Debug|x86.Build.0 = Debug|Any CPU
		{75BC82A3-A19F-4184-8C42-580304759AFA}.Release|Any CPU.ActiveCfg = Release|Any CPU
		{75BC82A3-A19F-4184-8C42-580304759AFA}.Release|Any CPU.Build.0 = Release|Any CPU
		{75BC82A3-A19F-4184-8C42-580304759AFA}.Release|x64.ActiveCfg = Release|Any CPU
		{75BC82A3-A19F-4184-8C42-580304759AFA}.Release|x64.Build.0 = Release|Any CPU
		{75BC82A3-A19F-4184-8C42-580304759AFA}.Release|x86.ActiveCfg = Release|Any CPU
		{75BC82A3-A19F-4184-8C42-580304759AFA}.Release|x86.Build.0 = Release|Any CPU
		{8007DE45-52F2-4F0D-8FB6-72073B961F17}.Debug|Any CPU.ActiveCfg = Debug|Any CPU
		{8007DE45-52F2-4F0D-8FB6-72073B961F17}.Debug|Any CPU.Build.0 = Debug|Any CPU
		{8007DE45-52F2-4F0D-8FB6-72073B961F17}.Debug|x64.ActiveCfg = Debug|Any CPU
		{8007DE45-52F2-4F0D-8FB6-72073B961F17}.Debug|x64.Build.0 = Debug|Any CPU
		{8007DE45-52F2-4F0D-8FB6-72073B961F17}.Debug|x86.ActiveCfg = Debug|Any CPU
		{8007DE45-52F2-4F0D-8FB6-72073B961F17}.Debug|x86.Build.0 = Debug|Any CPU
		{8007DE45-52F2-4F0D-8FB6-72073B961F17}.Release|Any CPU.ActiveCfg = Release|Any CPU
		{8007DE45-52F2-4F0D-8FB6-72073B961F17}.Release|Any CPU.Build.0 = Release|Any CPU
		{8007DE45-52F2-4F0D-8FB6-72073B961F17}.Release|x64.ActiveCfg = Release|Any CPU
		{8007DE45-52F2-4F0D-8FB6-72073B961F17}.Release|x64.Build.0 = Release|Any CPU
		{8007DE45-52F2-4F0D-8FB6-72073B961F17}.Release|x86.ActiveCfg = Release|Any CPU
		{8007DE45-52F2-4F0D-8FB6-72073B961F17}.Release|x86.Build.0 = Release|Any CPU
		{5283DA3B-1C6D-4435-9E2A-B0878D0D2BF6}.Debug|Any CPU.ActiveCfg = Debug|Any CPU
		{5283DA3B-1C6D-4435-9E2A-B0878D0D2BF6}.Debug|Any CPU.Build.0 = Debug|Any CPU
		{5283DA3B-1C6D-4435-9E2A-B0878D0D2BF6}.Debug|x64.ActiveCfg = Debug|Any CPU
		{5283DA3B-1C6D-4435-9E2A-B0878D0D2BF6}.Debug|x64.Build.0 = Debug|Any CPU
		{5283DA3B-1C6D-4435-9E2A-B0878D0D2BF6}.Debug|x86.ActiveCfg = Debug|Any CPU
		{5283DA3B-1C6D-4435-9E2A-B0878D0D2BF6}.Debug|x86.Build.0 = Debug|Any CPU
		{5283DA3B-1C6D-4435-9E2A-B0878D0D2BF6}.Release|Any CPU.ActiveCfg = Release|Any CPU
		{5283DA3B-1C6D-4435-9E2A-B0878D0D2BF6}.Release|Any CPU.Build.0 = Release|Any CPU
		{5283DA3B-1C6D-4435-9E2A-B0878D0D2BF6}.Release|x64.ActiveCfg = Release|Any CPU
		{5283DA3B-1C6D-4435-9E2A-B0878D0D2BF6}.Release|x64.Build.0 = Release|Any CPU
		{5283DA3B-1C6D-4435-9E2A-B0878D0D2BF6}.Release|x86.ActiveCfg = Release|Any CPU
		{5283DA3B-1C6D-4435-9E2A-B0878D0D2BF6}.Release|x86.Build.0 = Release|Any CPU
		{CA5F9848-B571-4A8C-B6A9-ECBEF0B86CCF}.Debug|Any CPU.ActiveCfg = Debug|Any CPU
		{CA5F9848-B571-4A8C-B6A9-ECBEF0B86CCF}.Debug|Any CPU.Build.0 = Debug|Any CPU
		{CA5F9848-B571-4A8C-B6A9-ECBEF0B86CCF}.Debug|x64.ActiveCfg = Debug|Any CPU
		{CA5F9848-B571-4A8C-B6A9-ECBEF0B86CCF}.Debug|x64.Build.0 = Debug|Any CPU
		{CA5F9848-B571-4A8C-B6A9-ECBEF0B86CCF}.Debug|x86.ActiveCfg = Debug|Any CPU
		{CA5F9848-B571-4A8C-B6A9-ECBEF0B86CCF}.Debug|x86.Build.0 = Debug|Any CPU
		{CA5F9848-B571-4A8C-B6A9-ECBEF0B86CCF}.Release|Any CPU.ActiveCfg = Release|Any CPU
		{CA5F9848-B571-4A8C-B6A9-ECBEF0B86CCF}.Release|Any CPU.Build.0 = Release|Any CPU
		{CA5F9848-B571-4A8C-B6A9-ECBEF0B86CCF}.Release|x64.ActiveCfg = Release|Any CPU
		{CA5F9848-B571-4A8C-B6A9-ECBEF0B86CCF}.Release|x64.Build.0 = Release|Any CPU
		{CA5F9848-B571-4A8C-B6A9-ECBEF0B86CCF}.Release|x86.ActiveCfg = Release|Any CPU
		{CA5F9848-B571-4A8C-B6A9-ECBEF0B86CCF}.Release|x86.Build.0 = Release|Any CPU
		{BB39DEA6-8E05-4796-8440-3F58B76376F9}.Debug|Any CPU.ActiveCfg = Debug|Any CPU
		{BB39DEA6-8E05-4796-8440-3F58B76376F9}.Debug|Any CPU.Build.0 = Debug|Any CPU
		{BB39DEA6-8E05-4796-8440-3F58B76376F9}.Debug|x64.ActiveCfg = Debug|Any CPU
		{BB39DEA6-8E05-4796-8440-3F58B76376F9}.Debug|x64.Build.0 = Debug|Any CPU
		{BB39DEA6-8E05-4796-8440-3F58B76376F9}.Debug|x86.ActiveCfg = Debug|Any CPU
		{BB39DEA6-8E05-4796-8440-3F58B76376F9}.Debug|x86.Build.0 = Debug|Any CPU
		{BB39DEA6-8E05-4796-8440-3F58B76376F9}.Release|Any CPU.ActiveCfg = Release|Any CPU
		{BB39DEA6-8E05-4796-8440-3F58B76376F9}.Release|Any CPU.Build.0 = Release|Any CPU
		{BB39DEA6-8E05-4796-8440-3F58B76376F9}.Release|x64.ActiveCfg = Release|Any CPU
		{BB39DEA6-8E05-4796-8440-3F58B76376F9}.Release|x64.Build.0 = Release|Any CPU
		{BB39DEA6-8E05-4796-8440-3F58B76376F9}.Release|x86.ActiveCfg = Release|Any CPU
		{BB39DEA6-8E05-4796-8440-3F58B76376F9}.Release|x86.Build.0 = Release|Any CPU
		{7D43CCEA-6779-4DDD-97E4-BD400AA67A04}.Debug|Any CPU.ActiveCfg = Debug|Any CPU
		{7D43CCEA-6779-4DDD-97E4-BD400AA67A04}.Debug|Any CPU.Build.0 = Debug|Any CPU
		{7D43CCEA-6779-4DDD-97E4-BD400AA67A04}.Debug|x64.ActiveCfg = Debug|Any CPU
		{7D43CCEA-6779-4DDD-97E4-BD400AA67A04}.Debug|x64.Build.0 = Debug|Any CPU
		{7D43CCEA-6779-4DDD-97E4-BD400AA67A04}.Debug|x86.ActiveCfg = Debug|Any CPU
		{7D43CCEA-6779-4DDD-97E4-BD400AA67A04}.Debug|x86.Build.0 = Debug|Any CPU
		{7D43CCEA-6779-4DDD-97E4-BD400AA67A04}.Release|Any CPU.ActiveCfg = Release|Any CPU
		{7D43CCEA-6779-4DDD-97E4-BD400AA67A04}.Release|Any CPU.Build.0 = Release|Any CPU
		{7D43CCEA-6779-4DDD-97E4-BD400AA67A04}.Release|x64.ActiveCfg = Release|Any CPU
		{7D43CCEA-6779-4DDD-97E4-BD400AA67A04}.Release|x64.Build.0 = Release|Any CPU
		{7D43CCEA-6779-4DDD-97E4-BD400AA67A04}.Release|x86.ActiveCfg = Release|Any CPU
		{7D43CCEA-6779-4DDD-97E4-BD400AA67A04}.Release|x86.Build.0 = Release|Any CPU
		{34415128-9B99-44CF-891B-CDEAB8F198B8}.Debug|Any CPU.ActiveCfg = Debug|Any CPU
		{34415128-9B99-44CF-891B-CDEAB8F198B8}.Debug|Any CPU.Build.0 = Debug|Any CPU
		{34415128-9B99-44CF-891B-CDEAB8F198B8}.Debug|x64.ActiveCfg = Debug|Any CPU
		{34415128-9B99-44CF-891B-CDEAB8F198B8}.Debug|x64.Build.0 = Debug|Any CPU
		{34415128-9B99-44CF-891B-CDEAB8F198B8}.Debug|x86.ActiveCfg = Debug|Any CPU
		{34415128-9B99-44CF-891B-CDEAB8F198B8}.Debug|x86.Build.0 = Debug|Any CPU
		{34415128-9B99-44CF-891B-CDEAB8F198B8}.Release|Any CPU.ActiveCfg = Release|Any CPU
		{34415128-9B99-44CF-891B-CDEAB8F198B8}.Release|Any CPU.Build.0 = Release|Any CPU
		{34415128-9B99-44CF-891B-CDEAB8F198B8}.Release|x64.ActiveCfg = Release|Any CPU
		{34415128-9B99-44CF-891B-CDEAB8F198B8}.Release|x64.Build.0 = Release|Any CPU
		{34415128-9B99-44CF-891B-CDEAB8F198B8}.Release|x86.ActiveCfg = Release|Any CPU
		{34415128-9B99-44CF-891B-CDEAB8F198B8}.Release|x86.Build.0 = Release|Any CPU
		{B1841FEF-FA11-430A-AB38-E96FCFC43C75}.Debug|Any CPU.ActiveCfg = Debug|Any CPU
		{B1841FEF-FA11-430A-AB38-E96FCFC43C75}.Debug|Any CPU.Build.0 = Debug|Any CPU
		{B1841FEF-FA11-430A-AB38-E96FCFC43C75}.Debug|x64.ActiveCfg = Debug|Any CPU
		{B1841FEF-FA11-430A-AB38-E96FCFC43C75}.Debug|x64.Build.0 = Debug|Any CPU
		{B1841FEF-FA11-430A-AB38-E96FCFC43C75}.Debug|x86.ActiveCfg = Debug|Any CPU
		{B1841FEF-FA11-430A-AB38-E96FCFC43C75}.Debug|x86.Build.0 = Debug|Any CPU
		{B1841FEF-FA11-430A-AB38-E96FCFC43C75}.Release|Any CPU.ActiveCfg = Release|Any CPU
		{B1841FEF-FA11-430A-AB38-E96FCFC43C75}.Release|Any CPU.Build.0 = Release|Any CPU
		{B1841FEF-FA11-430A-AB38-E96FCFC43C75}.Release|x64.ActiveCfg = Release|Any CPU
		{B1841FEF-FA11-430A-AB38-E96FCFC43C75}.Release|x64.Build.0 = Release|Any CPU
		{B1841FEF-FA11-430A-AB38-E96FCFC43C75}.Release|x86.ActiveCfg = Release|Any CPU
		{B1841FEF-FA11-430A-AB38-E96FCFC43C75}.Release|x86.Build.0 = Release|Any CPU
		{13C87A32-8221-486C-82A9-AB23B09DEF3E}.Debug|Any CPU.ActiveCfg = Debug|Any CPU
		{13C87A32-8221-486C-82A9-AB23B09DEF3E}.Debug|Any CPU.Build.0 = Debug|Any CPU
		{13C87A32-8221-486C-82A9-AB23B09DEF3E}.Debug|x64.ActiveCfg = Debug|Any CPU
		{13C87A32-8221-486C-82A9-AB23B09DEF3E}.Debug|x64.Build.0 = Debug|Any CPU
		{13C87A32-8221-486C-82A9-AB23B09DEF3E}.Debug|x86.ActiveCfg = Debug|Any CPU
		{13C87A32-8221-486C-82A9-AB23B09DEF3E}.Debug|x86.Build.0 = Debug|Any CPU
		{13C87A32-8221-486C-82A9-AB23B09DEF3E}.Release|Any CPU.ActiveCfg = Release|Any CPU
		{13C87A32-8221-486C-82A9-AB23B09DEF3E}.Release|Any CPU.Build.0 = Release|Any CPU
		{13C87A32-8221-486C-82A9-AB23B09DEF3E}.Release|x64.ActiveCfg = Release|Any CPU
		{13C87A32-8221-486C-82A9-AB23B09DEF3E}.Release|x64.Build.0 = Release|Any CPU
		{13C87A32-8221-486C-82A9-AB23B09DEF3E}.Release|x86.ActiveCfg = Release|Any CPU
		{13C87A32-8221-486C-82A9-AB23B09DEF3E}.Release|x86.Build.0 = Release|Any CPU
		{0F697CEE-A587-4F1E-9E6C-56AF1160073B}.Debug|Any CPU.ActiveCfg = Debug|Any CPU
		{0F697CEE-A587-4F1E-9E6C-56AF1160073B}.Debug|Any CPU.Build.0 = Debug|Any CPU
		{0F697CEE-A587-4F1E-9E6C-56AF1160073B}.Debug|x64.ActiveCfg = Debug|Any CPU
		{0F697CEE-A587-4F1E-9E6C-56AF1160073B}.Debug|x64.Build.0 = Debug|Any CPU
		{0F697CEE-A587-4F1E-9E6C-56AF1160073B}.Debug|x86.ActiveCfg = Debug|Any CPU
		{0F697CEE-A587-4F1E-9E6C-56AF1160073B}.Debug|x86.Build.0 = Debug|Any CPU
		{0F697CEE-A587-4F1E-9E6C-56AF1160073B}.Release|Any CPU.ActiveCfg = Release|Any CPU
		{0F697CEE-A587-4F1E-9E6C-56AF1160073B}.Release|Any CPU.Build.0 = Release|Any CPU
		{0F697CEE-A587-4F1E-9E6C-56AF1160073B}.Release|x64.ActiveCfg = Release|Any CPU
		{0F697CEE-A587-4F1E-9E6C-56AF1160073B}.Release|x64.Build.0 = Release|Any CPU
		{0F697CEE-A587-4F1E-9E6C-56AF1160073B}.Release|x86.ActiveCfg = Release|Any CPU
		{0F697CEE-A587-4F1E-9E6C-56AF1160073B}.Release|x86.Build.0 = Release|Any CPU
		{E6784186-6B35-47BB-A406-0DB649E632A0}.Debug|Any CPU.ActiveCfg = Debug|Any CPU
		{E6784186-6B35-47BB-A406-0DB649E632A0}.Debug|Any CPU.Build.0 = Debug|Any CPU
		{E6784186-6B35-47BB-A406-0DB649E632A0}.Debug|x64.ActiveCfg = Debug|Any CPU
		{E6784186-6B35-47BB-A406-0DB649E632A0}.Debug|x64.Build.0 = Debug|Any CPU
		{E6784186-6B35-47BB-A406-0DB649E632A0}.Debug|x86.ActiveCfg = Debug|Any CPU
		{E6784186-6B35-47BB-A406-0DB649E632A0}.Debug|x86.Build.0 = Debug|Any CPU
		{E6784186-6B35-47BB-A406-0DB649E632A0}.Release|Any CPU.ActiveCfg = Release|Any CPU
		{E6784186-6B35-47BB-A406-0DB649E632A0}.Release|Any CPU.Build.0 = Release|Any CPU
		{E6784186-6B35-47BB-A406-0DB649E632A0}.Release|x64.ActiveCfg = Release|Any CPU
		{E6784186-6B35-47BB-A406-0DB649E632A0}.Release|x64.Build.0 = Release|Any CPU
		{E6784186-6B35-47BB-A406-0DB649E632A0}.Release|x86.ActiveCfg = Release|Any CPU
		{E6784186-6B35-47BB-A406-0DB649E632A0}.Release|x86.Build.0 = Release|Any CPU
		{EAF6C491-AFD7-4B26-B397-C7C98D3E1602}.Debug|Any CPU.ActiveCfg = Debug|Any CPU
		{EAF6C491-AFD7-4B26-B397-C7C98D3E1602}.Debug|Any CPU.Build.0 = Debug|Any CPU
		{EAF6C491-AFD7-4B26-B397-C7C98D3E1602}.Debug|x64.ActiveCfg = Debug|Any CPU
		{EAF6C491-AFD7-4B26-B397-C7C98D3E1602}.Debug|x64.Build.0 = Debug|Any CPU
		{EAF6C491-AFD7-4B26-B397-C7C98D3E1602}.Debug|x86.ActiveCfg = Debug|Any CPU
		{EAF6C491-AFD7-4B26-B397-C7C98D3E1602}.Debug|x86.Build.0 = Debug|Any CPU
		{EAF6C491-AFD7-4B26-B397-C7C98D3E1602}.Release|Any CPU.ActiveCfg = Release|Any CPU
		{EAF6C491-AFD7-4B26-B397-C7C98D3E1602}.Release|Any CPU.Build.0 = Release|Any CPU
		{EAF6C491-AFD7-4B26-B397-C7C98D3E1602}.Release|x64.ActiveCfg = Release|Any CPU
		{EAF6C491-AFD7-4B26-B397-C7C98D3E1602}.Release|x64.Build.0 = Release|Any CPU
		{EAF6C491-AFD7-4B26-B397-C7C98D3E1602}.Release|x86.ActiveCfg = Release|Any CPU
		{EAF6C491-AFD7-4B26-B397-C7C98D3E1602}.Release|x86.Build.0 = Release|Any CPU
		{E3A7EDFF-CC43-40E0-A05F-83BF629BD03C}.Debug|Any CPU.ActiveCfg = Debug|Any CPU
		{E3A7EDFF-CC43-40E0-A05F-83BF629BD03C}.Debug|Any CPU.Build.0 = Debug|Any CPU
		{E3A7EDFF-CC43-40E0-A05F-83BF629BD03C}.Debug|x64.ActiveCfg = Debug|Any CPU
		{E3A7EDFF-CC43-40E0-A05F-83BF629BD03C}.Debug|x64.Build.0 = Debug|Any CPU
		{E3A7EDFF-CC43-40E0-A05F-83BF629BD03C}.Debug|x86.ActiveCfg = Debug|Any CPU
		{E3A7EDFF-CC43-40E0-A05F-83BF629BD03C}.Debug|x86.Build.0 = Debug|Any CPU
		{E3A7EDFF-CC43-40E0-A05F-83BF629BD03C}.Release|Any CPU.ActiveCfg = Release|Any CPU
		{E3A7EDFF-CC43-40E0-A05F-83BF629BD03C}.Release|Any CPU.Build.0 = Release|Any CPU
		{E3A7EDFF-CC43-40E0-A05F-83BF629BD03C}.Release|x64.ActiveCfg = Release|Any CPU
		{E3A7EDFF-CC43-40E0-A05F-83BF629BD03C}.Release|x64.Build.0 = Release|Any CPU
		{E3A7EDFF-CC43-40E0-A05F-83BF629BD03C}.Release|x86.ActiveCfg = Release|Any CPU
		{E3A7EDFF-CC43-40E0-A05F-83BF629BD03C}.Release|x86.Build.0 = Release|Any CPU
		{FB5E257F-FC14-4E01-95CC-DFA9D1F97E53}.Debug|Any CPU.ActiveCfg = Debug|Any CPU
		{FB5E257F-FC14-4E01-95CC-DFA9D1F97E53}.Debug|Any CPU.Build.0 = Debug|Any CPU
		{FB5E257F-FC14-4E01-95CC-DFA9D1F97E53}.Debug|x64.ActiveCfg = Debug|Any CPU
		{FB5E257F-FC14-4E01-95CC-DFA9D1F97E53}.Debug|x64.Build.0 = Debug|Any CPU
		{FB5E257F-FC14-4E01-95CC-DFA9D1F97E53}.Debug|x86.ActiveCfg = Debug|Any CPU
		{FB5E257F-FC14-4E01-95CC-DFA9D1F97E53}.Debug|x86.Build.0 = Debug|Any CPU
		{FB5E257F-FC14-4E01-95CC-DFA9D1F97E53}.Release|Any CPU.ActiveCfg = Release|Any CPU
		{FB5E257F-FC14-4E01-95CC-DFA9D1F97E53}.Release|Any CPU.Build.0 = Release|Any CPU
		{FB5E257F-FC14-4E01-95CC-DFA9D1F97E53}.Release|x64.ActiveCfg = Release|Any CPU
		{FB5E257F-FC14-4E01-95CC-DFA9D1F97E53}.Release|x64.Build.0 = Release|Any CPU
		{FB5E257F-FC14-4E01-95CC-DFA9D1F97E53}.Release|x86.ActiveCfg = Release|Any CPU
		{FB5E257F-FC14-4E01-95CC-DFA9D1F97E53}.Release|x86.Build.0 = Release|Any CPU
		{5F7083D5-68C3-42DC-BDB7-7143D35ACBA2}.Debug|Any CPU.ActiveCfg = Debug|Any CPU
		{5F7083D5-68C3-42DC-BDB7-7143D35ACBA2}.Debug|Any CPU.Build.0 = Debug|Any CPU
		{5F7083D5-68C3-42DC-BDB7-7143D35ACBA2}.Debug|x64.ActiveCfg = Debug|Any CPU
		{5F7083D5-68C3-42DC-BDB7-7143D35ACBA2}.Debug|x64.Build.0 = Debug|Any CPU
		{5F7083D5-68C3-42DC-BDB7-7143D35ACBA2}.Debug|x86.ActiveCfg = Debug|Any CPU
		{5F7083D5-68C3-42DC-BDB7-7143D35ACBA2}.Debug|x86.Build.0 = Debug|Any CPU
		{5F7083D5-68C3-42DC-BDB7-7143D35ACBA2}.Release|Any CPU.ActiveCfg = Release|Any CPU
		{5F7083D5-68C3-42DC-BDB7-7143D35ACBA2}.Release|Any CPU.Build.0 = Release|Any CPU
		{5F7083D5-68C3-42DC-BDB7-7143D35ACBA2}.Release|x64.ActiveCfg = Release|Any CPU
		{5F7083D5-68C3-42DC-BDB7-7143D35ACBA2}.Release|x64.Build.0 = Release|Any CPU
		{5F7083D5-68C3-42DC-BDB7-7143D35ACBA2}.Release|x86.ActiveCfg = Release|Any CPU
		{5F7083D5-68C3-42DC-BDB7-7143D35ACBA2}.Release|x86.Build.0 = Release|Any CPU
		{79A9AEB1-014F-49BD-848B-E21EAACB8C49}.Debug|Any CPU.ActiveCfg = Debug|Any CPU
		{79A9AEB1-014F-49BD-848B-E21EAACB8C49}.Debug|Any CPU.Build.0 = Debug|Any CPU
		{79A9AEB1-014F-49BD-848B-E21EAACB8C49}.Debug|x64.ActiveCfg = Debug|Any CPU
		{79A9AEB1-014F-49BD-848B-E21EAACB8C49}.Debug|x64.Build.0 = Debug|Any CPU
		{79A9AEB1-014F-49BD-848B-E21EAACB8C49}.Debug|x86.ActiveCfg = Debug|Any CPU
		{79A9AEB1-014F-49BD-848B-E21EAACB8C49}.Debug|x86.Build.0 = Debug|Any CPU
		{79A9AEB1-014F-49BD-848B-E21EAACB8C49}.Release|Any CPU.ActiveCfg = Release|Any CPU
		{79A9AEB1-014F-49BD-848B-E21EAACB8C49}.Release|Any CPU.Build.0 = Release|Any CPU
		{79A9AEB1-014F-49BD-848B-E21EAACB8C49}.Release|x64.ActiveCfg = Release|Any CPU
		{79A9AEB1-014F-49BD-848B-E21EAACB8C49}.Release|x64.Build.0 = Release|Any CPU
		{79A9AEB1-014F-49BD-848B-E21EAACB8C49}.Release|x86.ActiveCfg = Release|Any CPU
		{79A9AEB1-014F-49BD-848B-E21EAACB8C49}.Release|x86.Build.0 = Release|Any CPU
		{A3C8B0FD-93BE-4B9B-813C-58A722894230}.Debug|Any CPU.ActiveCfg = Debug|Any CPU
		{A3C8B0FD-93BE-4B9B-813C-58A722894230}.Debug|Any CPU.Build.0 = Debug|Any CPU
		{A3C8B0FD-93BE-4B9B-813C-58A722894230}.Debug|x64.ActiveCfg = Debug|Any CPU
		{A3C8B0FD-93BE-4B9B-813C-58A722894230}.Debug|x64.Build.0 = Debug|Any CPU
		{A3C8B0FD-93BE-4B9B-813C-58A722894230}.Debug|x86.ActiveCfg = Debug|Any CPU
		{A3C8B0FD-93BE-4B9B-813C-58A722894230}.Debug|x86.Build.0 = Debug|Any CPU
		{A3C8B0FD-93BE-4B9B-813C-58A722894230}.Release|Any CPU.ActiveCfg = Release|Any CPU
		{A3C8B0FD-93BE-4B9B-813C-58A722894230}.Release|Any CPU.Build.0 = Release|Any CPU
		{A3C8B0FD-93BE-4B9B-813C-58A722894230}.Release|x64.ActiveCfg = Release|Any CPU
		{A3C8B0FD-93BE-4B9B-813C-58A722894230}.Release|x64.Build.0 = Release|Any CPU
		{A3C8B0FD-93BE-4B9B-813C-58A722894230}.Release|x86.ActiveCfg = Release|Any CPU
		{A3C8B0FD-93BE-4B9B-813C-58A722894230}.Release|x86.Build.0 = Release|Any CPU
		{FE791FFF-17FC-48B4-8045-9351D19325FC}.Debug|Any CPU.ActiveCfg = Debug|Any CPU
		{FE791FFF-17FC-48B4-8045-9351D19325FC}.Debug|Any CPU.Build.0 = Debug|Any CPU
		{FE791FFF-17FC-48B4-8045-9351D19325FC}.Debug|x64.ActiveCfg = Debug|Any CPU
		{FE791FFF-17FC-48B4-8045-9351D19325FC}.Debug|x64.Build.0 = Debug|Any CPU
		{FE791FFF-17FC-48B4-8045-9351D19325FC}.Debug|x86.ActiveCfg = Debug|Any CPU
		{FE791FFF-17FC-48B4-8045-9351D19325FC}.Debug|x86.Build.0 = Debug|Any CPU
		{FE791FFF-17FC-48B4-8045-9351D19325FC}.Release|Any CPU.ActiveCfg = Release|Any CPU
		{FE791FFF-17FC-48B4-8045-9351D19325FC}.Release|Any CPU.Build.0 = Release|Any CPU
		{FE791FFF-17FC-48B4-8045-9351D19325FC}.Release|x64.ActiveCfg = Release|Any CPU
		{FE791FFF-17FC-48B4-8045-9351D19325FC}.Release|x64.Build.0 = Release|Any CPU
		{FE791FFF-17FC-48B4-8045-9351D19325FC}.Release|x86.ActiveCfg = Release|Any CPU
		{FE791FFF-17FC-48B4-8045-9351D19325FC}.Release|x86.Build.0 = Release|Any CPU
		{B85F006A-5768-4E63-867C-FD607322D5F0}.Debug|Any CPU.ActiveCfg = Debug|Any CPU
		{B85F006A-5768-4E63-867C-FD607322D5F0}.Debug|Any CPU.Build.0 = Debug|Any CPU
		{B85F006A-5768-4E63-867C-FD607322D5F0}.Debug|x64.ActiveCfg = Debug|Any CPU
		{B85F006A-5768-4E63-867C-FD607322D5F0}.Debug|x64.Build.0 = Debug|Any CPU
		{B85F006A-5768-4E63-867C-FD607322D5F0}.Debug|x86.ActiveCfg = Debug|Any CPU
		{B85F006A-5768-4E63-867C-FD607322D5F0}.Debug|x86.Build.0 = Debug|Any CPU
		{B85F006A-5768-4E63-867C-FD607322D5F0}.Release|Any CPU.ActiveCfg = Release|Any CPU
		{B85F006A-5768-4E63-867C-FD607322D5F0}.Release|Any CPU.Build.0 = Release|Any CPU
		{B85F006A-5768-4E63-867C-FD607322D5F0}.Release|x64.ActiveCfg = Release|Any CPU
		{B85F006A-5768-4E63-867C-FD607322D5F0}.Release|x64.Build.0 = Release|Any CPU
		{B85F006A-5768-4E63-867C-FD607322D5F0}.Release|x86.ActiveCfg = Release|Any CPU
		{B85F006A-5768-4E63-867C-FD607322D5F0}.Release|x86.Build.0 = Release|Any CPU
		{ED44E417-456A-4223-84EE-D012D233AFFE}.Debug|Any CPU.ActiveCfg = Debug|Any CPU
		{ED44E417-456A-4223-84EE-D012D233AFFE}.Debug|Any CPU.Build.0 = Debug|Any CPU
		{ED44E417-456A-4223-84EE-D012D233AFFE}.Debug|x64.ActiveCfg = Debug|Any CPU
		{ED44E417-456A-4223-84EE-D012D233AFFE}.Debug|x64.Build.0 = Debug|Any CPU
		{ED44E417-456A-4223-84EE-D012D233AFFE}.Debug|x86.ActiveCfg = Debug|Any CPU
		{ED44E417-456A-4223-84EE-D012D233AFFE}.Debug|x86.Build.0 = Debug|Any CPU
		{ED44E417-456A-4223-84EE-D012D233AFFE}.Release|Any CPU.ActiveCfg = Release|Any CPU
		{ED44E417-456A-4223-84EE-D012D233AFFE}.Release|Any CPU.Build.0 = Release|Any CPU
		{ED44E417-456A-4223-84EE-D012D233AFFE}.Release|x64.ActiveCfg = Release|Any CPU
		{ED44E417-456A-4223-84EE-D012D233AFFE}.Release|x64.Build.0 = Release|Any CPU
		{ED44E417-456A-4223-84EE-D012D233AFFE}.Release|x86.ActiveCfg = Release|Any CPU
		{ED44E417-456A-4223-84EE-D012D233AFFE}.Release|x86.Build.0 = Release|Any CPU
		{F676DCA3-B920-4B36-BF34-1031EB58722B}.Debug|Any CPU.ActiveCfg = Debug|Any CPU
		{F676DCA3-B920-4B36-BF34-1031EB58722B}.Debug|Any CPU.Build.0 = Debug|Any CPU
		{F676DCA3-B920-4B36-BF34-1031EB58722B}.Debug|x64.ActiveCfg = Debug|Any CPU
		{F676DCA3-B920-4B36-BF34-1031EB58722B}.Debug|x64.Build.0 = Debug|Any CPU
		{F676DCA3-B920-4B36-BF34-1031EB58722B}.Debug|x86.ActiveCfg = Debug|Any CPU
		{F676DCA3-B920-4B36-BF34-1031EB58722B}.Debug|x86.Build.0 = Debug|Any CPU
		{F676DCA3-B920-4B36-BF34-1031EB58722B}.Release|Any CPU.ActiveCfg = Release|Any CPU
		{F676DCA3-B920-4B36-BF34-1031EB58722B}.Release|Any CPU.Build.0 = Release|Any CPU
		{F676DCA3-B920-4B36-BF34-1031EB58722B}.Release|x64.ActiveCfg = Release|Any CPU
		{F676DCA3-B920-4B36-BF34-1031EB58722B}.Release|x64.Build.0 = Release|Any CPU
		{F676DCA3-B920-4B36-BF34-1031EB58722B}.Release|x86.ActiveCfg = Release|Any CPU
		{F676DCA3-B920-4B36-BF34-1031EB58722B}.Release|x86.Build.0 = Release|Any CPU
		{B75F1924-E746-4DF7-9E03-4D850FC452BB}.Debug|Any CPU.ActiveCfg = Debug|Any CPU
		{B75F1924-E746-4DF7-9E03-4D850FC452BB}.Debug|Any CPU.Build.0 = Debug|Any CPU
		{B75F1924-E746-4DF7-9E03-4D850FC452BB}.Debug|x64.ActiveCfg = Debug|Any CPU
		{B75F1924-E746-4DF7-9E03-4D850FC452BB}.Debug|x64.Build.0 = Debug|Any CPU
		{B75F1924-E746-4DF7-9E03-4D850FC452BB}.Debug|x86.ActiveCfg = Debug|Any CPU
		{B75F1924-E746-4DF7-9E03-4D850FC452BB}.Debug|x86.Build.0 = Debug|Any CPU
		{B75F1924-E746-4DF7-9E03-4D850FC452BB}.Release|Any CPU.ActiveCfg = Release|Any CPU
		{B75F1924-E746-4DF7-9E03-4D850FC452BB}.Release|Any CPU.Build.0 = Release|Any CPU
		{B75F1924-E746-4DF7-9E03-4D850FC452BB}.Release|x64.ActiveCfg = Release|Any CPU
		{B75F1924-E746-4DF7-9E03-4D850FC452BB}.Release|x64.Build.0 = Release|Any CPU
		{B75F1924-E746-4DF7-9E03-4D850FC452BB}.Release|x86.ActiveCfg = Release|Any CPU
		{B75F1924-E746-4DF7-9E03-4D850FC452BB}.Release|x86.Build.0 = Release|Any CPU
	EndGlobalSection
	GlobalSection(SolutionProperties) = preSolution
		HideSolutionNode = FALSE
	EndGlobalSection
	GlobalSection(ExtensibilityGlobals) = postSolution
		SolutionGuid = {188A7565-3279-44A0-A67C-8DBD78C7BD2B}
	EndGlobalSection
EndGlobal
